
Microsoft Visual Studio Solution File, Format Version 12.00
# Visual Studio 15
VisualStudioVersion = 15.0.27130.2010
MinimumVisualStudioVersion = 10.0.40219.1
Project("{FAE04EC0-301F-11D3-BF4B-00C04F79EFBC}") = "Demo1.Android", "Demo1\Demo1.Android\Demo1.Android.csproj", "{796797E6-5C88-41DD-9B19-31C9F6D040AA}"
EndProject
Project("{FAE04EC0-301F-11D3-BF4B-00C04F79EFBC}") = "Demo1.iOS", "Demo1\Demo1.iOS\Demo1.iOS.csproj", "{B67F0BA6-1886-4874-84B6-36D879E17BB3}"
EndProject
Project("{FAE04EC0-301F-11D3-BF4B-00C04F79EFBC}") = "Demo1.UWP", "Demo1\Demo1.UWP\Demo1.UWP.csproj", "{05310D47-0555-48F0-96A8-C18F4DDDC484}"
EndProject
Project("{FAE04EC0-301F-11D3-BF4B-00C04F79EFBC}") = "Demo1", "Demo1\Demo1\Demo1.csproj", "{21016EF1-4B74-4E2E-B8DE-E0B12BCCC4D2}"
EndProject
Global
	GlobalSection(SolutionConfigurationPlatforms) = preSolution
		Ad-Hoc|Any CPU = Ad-Hoc|Any CPU
		Ad-Hoc|ARM = Ad-Hoc|ARM
		Ad-Hoc|iPhone = Ad-Hoc|iPhone
		Ad-Hoc|iPhoneSimulator = Ad-Hoc|iPhoneSimulator
		Ad-Hoc|x64 = Ad-Hoc|x64
		Ad-Hoc|x86 = Ad-Hoc|x86
		AppStore|Any CPU = AppStore|Any CPU
		AppStore|ARM = AppStore|ARM
		AppStore|iPhone = AppStore|iPhone
		AppStore|iPhoneSimulator = AppStore|iPhoneSimulator
		AppStore|x64 = AppStore|x64
		AppStore|x86 = AppStore|x86
		Debug|Any CPU = Debug|Any CPU
		Debug|ARM = Debug|ARM
		Debug|iPhone = Debug|iPhone
		Debug|iPhoneSimulator = Debug|iPhoneSimulator
		Debug|x64 = Debug|x64
		Debug|x86 = Debug|x86
		Release|Any CPU = Release|Any CPU
		Release|ARM = Release|ARM
		Release|iPhone = Release|iPhone
		Release|iPhoneSimulator = Release|iPhoneSimulator
		Release|x64 = Release|x64
		Release|x86 = Release|x86
	EndGlobalSection
	GlobalSection(ProjectConfigurationPlatforms) = postSolution
		{796797E6-5C88-41DD-9B19-31C9F6D040AA}.Ad-Hoc|Any CPU.ActiveCfg = Release|Any CPU
		{796797E6-5C88-41DD-9B19-31C9F6D040AA}.Ad-Hoc|Any CPU.Build.0 = Release|Any CPU
		{796797E6-5C88-41DD-9B19-31C9F6D040AA}.Ad-Hoc|Any CPU.Deploy.0 = Release|Any CPU
		{796797E6-5C88-41DD-9B19-31C9F6D040AA}.Ad-Hoc|ARM.ActiveCfg = Release|Any CPU
		{796797E6-5C88-41DD-9B19-31C9F6D040AA}.Ad-Hoc|ARM.Build.0 = Release|Any CPU
		{796797E6-5C88-41DD-9B19-31C9F6D040AA}.Ad-Hoc|ARM.Deploy.0 = Release|Any CPU
		{796797E6-5C88-41DD-9B19-31C9F6D040AA}.Ad-Hoc|iPhone.ActiveCfg = Release|Any CPU
		{796797E6-5C88-41DD-9B19-31C9F6D040AA}.Ad-Hoc|iPhone.Build.0 = Release|Any CPU
		{796797E6-5C88-41DD-9B19-31C9F6D040AA}.Ad-Hoc|iPhone.Deploy.0 = Release|Any CPU
		{796797E6-5C88-41DD-9B19-31C9F6D040AA}.Ad-Hoc|iPhoneSimulator.ActiveCfg = Release|Any CPU
		{796797E6-5C88-41DD-9B19-31C9F6D040AA}.Ad-Hoc|iPhoneSimulator.Build.0 = Release|Any CPU
		{796797E6-5C88-41DD-9B19-31C9F6D040AA}.Ad-Hoc|iPhoneSimulator.Deploy.0 = Release|Any CPU
		{796797E6-5C88-41DD-9B19-31C9F6D040AA}.Ad-Hoc|x64.ActiveCfg = Release|Any CPU
		{796797E6-5C88-41DD-9B19-31C9F6D040AA}.Ad-Hoc|x64.Build.0 = Release|Any CPU
		{796797E6-5C88-41DD-9B19-31C9F6D040AA}.Ad-Hoc|x64.Deploy.0 = Release|Any CPU
		{796797E6-5C88-41DD-9B19-31C9F6D040AA}.Ad-Hoc|x86.ActiveCfg = Release|Any CPU
		{796797E6-5C88-41DD-9B19-31C9F6D040AA}.Ad-Hoc|x86.Build.0 = Release|Any CPU
		{796797E6-5C88-41DD-9B19-31C9F6D040AA}.Ad-Hoc|x86.Deploy.0 = Release|Any CPU
		{796797E6-5C88-41DD-9B19-31C9F6D040AA}.AppStore|Any CPU.ActiveCfg = Release|Any CPU
		{796797E6-5C88-41DD-9B19-31C9F6D040AA}.AppStore|Any CPU.Build.0 = Release|Any CPU
		{796797E6-5C88-41DD-9B19-31C9F6D040AA}.AppStore|Any CPU.Deploy.0 = Release|Any CPU
		{796797E6-5C88-41DD-9B19-31C9F6D040AA}.AppStore|ARM.ActiveCfg = Release|Any CPU
		{796797E6-5C88-41DD-9B19-31C9F6D040AA}.AppStore|ARM.Build.0 = Release|Any CPU
		{796797E6-5C88-41DD-9B19-31C9F6D040AA}.AppStore|ARM.Deploy.0 = Release|Any CPU
		{796797E6-5C88-41DD-9B19-31C9F6D040AA}.AppStore|iPhone.ActiveCfg = Release|Any CPU
		{796797E6-5C88-41DD-9B19-31C9F6D040AA}.AppStore|iPhone.Build.0 = Release|Any CPU
		{796797E6-5C88-41DD-9B19-31C9F6D040AA}.AppStore|iPhone.Deploy.0 = Release|Any CPU
		{796797E6-5C88-41DD-9B19-31C9F6D040AA}.AppStore|iPhoneSimulator.ActiveCfg = Release|Any CPU
		{796797E6-5C88-41DD-9B19-31C9F6D040AA}.AppStore|iPhoneSimulator.Build.0 = Release|Any CPU
		{796797E6-5C88-41DD-9B19-31C9F6D040AA}.AppStore|iPhoneSimulator.Deploy.0 = Release|Any CPU
		{796797E6-5C88-41DD-9B19-31C9F6D040AA}.AppStore|x64.ActiveCfg = Release|Any CPU
		{796797E6-5C88-41DD-9B19-31C9F6D040AA}.AppStore|x64.Build.0 = Release|Any CPU
		{796797E6-5C88-41DD-9B19-31C9F6D040AA}.AppStore|x64.Deploy.0 = Release|Any CPU
		{796797E6-5C88-41DD-9B19-31C9F6D040AA}.AppStore|x86.ActiveCfg = Release|Any CPU
		{796797E6-5C88-41DD-9B19-31C9F6D040AA}.AppStore|x86.Build.0 = Release|Any CPU
		{796797E6-5C88-41DD-9B19-31C9F6D040AA}.AppStore|x86.Deploy.0 = Release|Any CPU
		{796797E6-5C88-41DD-9B19-31C9F6D040AA}.Debug|Any CPU.ActiveCfg = Debug|Any CPU
		{796797E6-5C88-41DD-9B19-31C9F6D040AA}.Debug|Any CPU.Build.0 = Debug|Any CPU
		{796797E6-5C88-41DD-9B19-31C9F6D040AA}.Debug|Any CPU.Deploy.0 = Debug|Any CPU
		{796797E6-5C88-41DD-9B19-31C9F6D040AA}.Debug|ARM.ActiveCfg = Debug|Any CPU
		{796797E6-5C88-41DD-9B19-31C9F6D040AA}.Debug|ARM.Build.0 = Debug|Any CPU
		{796797E6-5C88-41DD-9B19-31C9F6D040AA}.Debug|ARM.Deploy.0 = Debug|Any CPU
		{796797E6-5C88-41DD-9B19-31C9F6D040AA}.Debug|iPhone.ActiveCfg = Debug|Any CPU
		{796797E6-5C88-41DD-9B19-31C9F6D040AA}.Debug|iPhone.Build.0 = Debug|Any CPU
		{796797E6-5C88-41DD-9B19-31C9F6D040AA}.Debug|iPhone.Deploy.0 = Debug|Any CPU
		{796797E6-5C88-41DD-9B19-31C9F6D040AA}.Debug|iPhoneSimulator.ActiveCfg = Debug|Any CPU
		{796797E6-5C88-41DD-9B19-31C9F6D040AA}.Debug|iPhoneSimulator.Build.0 = Debug|Any CPU
		{796797E6-5C88-41DD-9B19-31C9F6D040AA}.Debug|iPhoneSimulator.Deploy.0 = Debug|Any CPU
		{796797E6-5C88-41DD-9B19-31C9F6D040AA}.Debug|x64.ActiveCfg = Debug|Any CPU
		{796797E6-5C88-41DD-9B19-31C9F6D040AA}.Debug|x64.Build.0 = Debug|Any CPU
		{796797E6-5C88-41DD-9B19-31C9F6D040AA}.Debug|x64.Deploy.0 = Debug|Any CPU
		{796797E6-5C88-41DD-9B19-31C9F6D040AA}.Debug|x86.ActiveCfg = Debug|Any CPU
		{796797E6-5C88-41DD-9B19-31C9F6D040AA}.Debug|x86.Build.0 = Debug|Any CPU
		{796797E6-5C88-41DD-9B19-31C9F6D040AA}.Debug|x86.Deploy.0 = Debug|Any CPU
		{796797E6-5C88-41DD-9B19-31C9F6D040AA}.Release|Any CPU.ActiveCfg = Release|Any CPU
		{796797E6-5C88-41DD-9B19-31C9F6D040AA}.Release|Any CPU.Build.0 = Release|Any CPU
		{796797E6-5C88-41DD-9B19-31C9F6D040AA}.Release|Any CPU.Deploy.0 = Release|Any CPU
		{796797E6-5C88-41DD-9B19-31C9F6D040AA}.Release|ARM.ActiveCfg = Release|Any CPU
		{796797E6-5C88-41DD-9B19-31C9F6D040AA}.Release|ARM.Build.0 = Release|Any CPU
		{796797E6-5C88-41DD-9B19-31C9F6D040AA}.Release|ARM.Deploy.0 = Release|Any CPU
		{796797E6-5C88-41DD-9B19-31C9F6D040AA}.Release|iPhone.ActiveCfg = Release|Any CPU
		{796797E6-5C88-41DD-9B19-31C9F6D040AA}.Release|iPhone.Build.0 = Release|Any CPU
		{796797E6-5C88-41DD-9B19-31C9F6D040AA}.Release|iPhone.Deploy.0 = Release|Any CPU
		{796797E6-5C88-41DD-9B19-31C9F6D040AA}.Release|iPhoneSimulator.ActiveCfg = Release|Any CPU
		{796797E6-5C88-41DD-9B19-31C9F6D040AA}.Release|iPhoneSimulator.Build.0 = Release|Any CPU
		{796797E6-5C88-41DD-9B19-31C9F6D040AA}.Release|iPhoneSimulator.Deploy.0 = Release|Any CPU
		{796797E6-5C88-41DD-9B19-31C9F6D040AA}.Release|x64.ActiveCfg = Release|Any CPU
		{796797E6-5C88-41DD-9B19-31C9F6D040AA}.Release|x64.Build.0 = Release|Any CPU
		{796797E6-5C88-41DD-9B19-31C9F6D040AA}.Release|x64.Deploy.0 = Release|Any CPU
		{796797E6-5C88-41DD-9B19-31C9F6D040AA}.Release|x86.ActiveCfg = Release|Any CPU
		{796797E6-5C88-41DD-9B19-31C9F6D040AA}.Release|x86.Build.0 = Release|Any CPU
		{796797E6-5C88-41DD-9B19-31C9F6D040AA}.Release|x86.Deploy.0 = Release|Any CPU
		{B67F0BA6-1886-4874-84B6-36D879E17BB3}.Ad-Hoc|Any CPU.ActiveCfg = Ad-Hoc|iPhone
		{B67F0BA6-1886-4874-84B6-36D879E17BB3}.Ad-Hoc|ARM.ActiveCfg = Ad-Hoc|iPhone
		{B67F0BA6-1886-4874-84B6-36D879E17BB3}.Ad-Hoc|iPhone.ActiveCfg = Ad-Hoc|iPhone
		{B67F0BA6-1886-4874-84B6-36D879E17BB3}.Ad-Hoc|iPhone.Build.0 = Ad-Hoc|iPhone
		{B67F0BA6-1886-4874-84B6-36D879E17BB3}.Ad-Hoc|iPhoneSimulator.ActiveCfg = Ad-Hoc|iPhoneSimulator
		{B67F0BA6-1886-4874-84B6-36D879E17BB3}.Ad-Hoc|iPhoneSimulator.Build.0 = Ad-Hoc|iPhoneSimulator
		{B67F0BA6-1886-4874-84B6-36D879E17BB3}.Ad-Hoc|x64.ActiveCfg = Ad-Hoc|iPhone
		{B67F0BA6-1886-4874-84B6-36D879E17BB3}.Ad-Hoc|x86.ActiveCfg = Ad-Hoc|iPhone
		{B67F0BA6-1886-4874-84B6-36D879E17BB3}.AppStore|Any CPU.ActiveCfg = AppStore|iPhone
		{B67F0BA6-1886-4874-84B6-36D879E17BB3}.AppStore|ARM.ActiveCfg = AppStore|iPhone
		{B67F0BA6-1886-4874-84B6-36D879E17BB3}.AppStore|iPhone.ActiveCfg = AppStore|iPhone
		{B67F0BA6-1886-4874-84B6-36D879E17BB3}.AppStore|iPhone.Build.0 = AppStore|iPhone
		{B67F0BA6-1886-4874-84B6-36D879E17BB3}.AppStore|iPhoneSimulator.ActiveCfg = AppStore|iPhoneSimulator
		{B67F0BA6-1886-4874-84B6-36D879E17BB3}.AppStore|iPhoneSimulator.Build.0 = AppStore|iPhoneSimulator
		{B67F0BA6-1886-4874-84B6-36D879E17BB3}.AppStore|x64.ActiveCfg = AppStore|iPhone
		{B67F0BA6-1886-4874-84B6-36D879E17BB3}.AppStore|x86.ActiveCfg = AppStore|iPhone
		{B67F0BA6-1886-4874-84B6-36D879E17BB3}.Debug|Any CPU.ActiveCfg = Debug|iPhone
		{B67F0BA6-1886-4874-84B6-36D879E17BB3}.Debug|ARM.ActiveCfg = Debug|iPhone
		{B67F0BA6-1886-4874-84B6-36D879E17BB3}.Debug|iPhone.ActiveCfg = Debug|iPhone
		{B67F0BA6-1886-4874-84B6-36D879E17BB3}.Debug|iPhone.Build.0 = Debug|iPhone
		{B67F0BA6-1886-4874-84B6-36D879E17BB3}.Debug|iPhoneSimulator.ActiveCfg = Debug|iPhoneSimulator
		{B67F0BA6-1886-4874-84B6-36D879E17BB3}.Debug|iPhoneSimulator.Build.0 = Debug|iPhoneSimulator
		{B67F0BA6-1886-4874-84B6-36D879E17BB3}.Debug|x64.ActiveCfg = Debug|iPhone
		{B67F0BA6-1886-4874-84B6-36D879E17BB3}.Debug|x86.ActiveCfg = Debug|iPhone
		{B67F0BA6-1886-4874-84B6-36D879E17BB3}.Release|Any CPU.ActiveCfg = Release|iPhone
		{B67F0BA6-1886-4874-84B6-36D879E17BB3}.Release|ARM.ActiveCfg = Release|iPhone
		{B67F0BA6-1886-4874-84B6-36D879E17BB3}.Release|iPhone.ActiveCfg = Release|iPhone
		{B67F0BA6-1886-4874-84B6-36D879E17BB3}.Release|iPhone.Build.0 = Release|iPhone
		{B67F0BA6-1886-4874-84B6-36D879E17BB3}.Release|iPhoneSimulator.ActiveCfg = Release|iPhoneSimulator
		{B67F0BA6-1886-4874-84B6-36D879E17BB3}.Release|iPhoneSimulator.Build.0 = Release|iPhoneSimulator
		{B67F0BA6-1886-4874-84B6-36D879E17BB3}.Release|x64.ActiveCfg = Release|iPhone
		{B67F0BA6-1886-4874-84B6-36D879E17BB3}.Release|x86.ActiveCfg = Release|iPhone
		{05310D47-0555-48F0-96A8-C18F4DDDC484}.Ad-Hoc|Any CPU.ActiveCfg = Release|x86
		{05310D47-0555-48F0-96A8-C18F4DDDC484}.Ad-Hoc|Any CPU.Build.0 = Release|x86
		{05310D47-0555-48F0-96A8-C18F4DDDC484}.Ad-Hoc|Any CPU.Deploy.0 = Release|x86
		{05310D47-0555-48F0-96A8-C18F4DDDC484}.Ad-Hoc|ARM.ActiveCfg = Release|ARM
		{05310D47-0555-48F0-96A8-C18F4DDDC484}.Ad-Hoc|ARM.Build.0 = Release|ARM
		{05310D47-0555-48F0-96A8-C18F4DDDC484}.Ad-Hoc|ARM.Deploy.0 = Release|ARM
		{05310D47-0555-48F0-96A8-C18F4DDDC484}.Ad-Hoc|iPhone.ActiveCfg = Release|x86
		{05310D47-0555-48F0-96A8-C18F4DDDC484}.Ad-Hoc|iPhone.Build.0 = Release|x86
		{05310D47-0555-48F0-96A8-C18F4DDDC484}.Ad-Hoc|iPhone.Deploy.0 = Release|x86
		{05310D47-0555-48F0-96A8-C18F4DDDC484}.Ad-Hoc|iPhoneSimulator.ActiveCfg = Release|x86
		{05310D47-0555-48F0-96A8-C18F4DDDC484}.Ad-Hoc|iPhoneSimulator.Build.0 = Release|x86
		{05310D47-0555-48F0-96A8-C18F4DDDC484}.Ad-Hoc|iPhoneSimulator.Deploy.0 = Release|x86
		{05310D47-0555-48F0-96A8-C18F4DDDC484}.Ad-Hoc|x64.ActiveCfg = Release|x64
		{05310D47-0555-48F0-96A8-C18F4DDDC484}.Ad-Hoc|x64.Build.0 = Release|x64
		{05310D47-0555-48F0-96A8-C18F4DDDC484}.Ad-Hoc|x64.Deploy.0 = Release|x64
		{05310D47-0555-48F0-96A8-C18F4DDDC484}.Ad-Hoc|x86.ActiveCfg = Release|x86
		{05310D47-0555-48F0-96A8-C18F4DDDC484}.Ad-Hoc|x86.Build.0 = Release|x86
		{05310D47-0555-48F0-96A8-C18F4DDDC484}.Ad-Hoc|x86.Deploy.0 = Release|x86
		{05310D47-0555-48F0-96A8-C18F4DDDC484}.AppStore|Any CPU.ActiveCfg = Release|x86
		{05310D47-0555-48F0-96A8-C18F4DDDC484}.AppStore|Any CPU.Build.0 = Release|x86
		{05310D47-0555-48F0-96A8-C18F4DDDC484}.AppStore|Any CPU.Deploy.0 = Release|x86
		{05310D47-0555-48F0-96A8-C18F4DDDC484}.AppStore|ARM.ActiveCfg = Release|ARM
		{05310D47-0555-48F0-96A8-C18F4DDDC484}.AppStore|ARM.Build.0 = Release|ARM
		{05310D47-0555-48F0-96A8-C18F4DDDC484}.AppStore|ARM.Deploy.0 = Release|ARM
		{05310D47-0555-48F0-96A8-C18F4DDDC484}.AppStore|iPhone.ActiveCfg = Release|x86
		{05310D47-0555-48F0-96A8-C18F4DDDC484}.AppStore|iPhone.Build.0 = Release|x86
		{05310D47-0555-48F0-96A8-C18F4DDDC484}.AppStore|iPhone.Deploy.0 = Release|x86
		{05310D47-0555-48F0-96A8-C18F4DDDC484}.AppStore|iPhoneSimulator.ActiveCfg = Release|x86
		{05310D47-0555-48F0-96A8-C18F4DDDC484}.AppStore|iPhoneSimulator.Build.0 = Release|x86
		{05310D47-0555-48F0-96A8-C18F4DDDC484}.AppStore|iPhoneSimulator.Deploy.0 = Release|x86
		{05310D47-0555-48F0-96A8-C18F4DDDC484}.AppStore|x64.ActiveCfg = Release|x64
		{05310D47-0555-48F0-96A8-C18F4DDDC484}.AppStore|x64.Build.0 = Release|x64
		{05310D47-0555-48F0-96A8-C18F4DDDC484}.AppStore|x64.Deploy.0 = Release|x64
		{05310D47-0555-48F0-96A8-C18F4DDDC484}.AppStore|x86.ActiveCfg = Release|x86
		{05310D47-0555-48F0-96A8-C18F4DDDC484}.AppStore|x86.Build.0 = Release|x86
		{05310D47-0555-48F0-96A8-C18F4DDDC484}.AppStore|x86.Deploy.0 = Release|x86
		{05310D47-0555-48F0-96A8-C18F4DDDC484}.Debug|Any CPU.ActiveCfg = Debug|x86
		{05310D47-0555-48F0-96A8-C18F4DDDC484}.Debug|ARM.ActiveCfg = Debug|ARM
		{05310D47-0555-48F0-96A8-C18F4DDDC484}.Debug|ARM.Build.0 = Debug|ARM
		{05310D47-0555-48F0-96A8-C18F4DDDC484}.Debug|ARM.Deploy.0 = Debug|ARM
		{05310D47-0555-48F0-96A8-C18F4DDDC484}.Debug|iPhone.ActiveCfg = Debug|x86
		{05310D47-0555-48F0-96A8-C18F4DDDC484}.Debug|iPhoneSimulator.ActiveCfg = Debug|x86
		{05310D47-0555-48F0-96A8-C18F4DDDC484}.Debug|x64.ActiveCfg = Debug|x64
		{05310D47-0555-48F0-96A8-C18F4DDDC484}.Debug|x64.Build.0 = Debug|x64
		{05310D47-0555-48F0-96A8-C18F4DDDC484}.Debug|x64.Deploy.0 = Debug|x64
		{05310D47-0555-48F0-96A8-C18F4DDDC484}.Debug|x86.ActiveCfg = Debug|x86
		{05310D47-0555-48F0-96A8-C18F4DDDC484}.Debug|x86.Build.0 = Debug|x86
		{05310D47-0555-48F0-96A8-C18F4DDDC484}.Debug|x86.Deploy.0 = Debug|x86
		{05310D47-0555-48F0-96A8-C18F4DDDC484}.Release|Any CPU.ActiveCfg = Release|x86
		{05310D47-0555-48F0-96A8-C18F4DDDC484}.Release|ARM.ActiveCfg = Release|ARM
		{05310D47-0555-48F0-96A8-C18F4DDDC484}.Release|ARM.Build.0 = Release|ARM
		{05310D47-0555-48F0-96A8-C18F4DDDC484}.Release|ARM.Deploy.0 = Release|ARM
		{05310D47-0555-48F0-96A8-C18F4DDDC484}.Release|iPhone.ActiveCfg = Release|x86
		{05310D47-0555-48F0-96A8-C18F4DDDC484}.Release|iPhoneSimulator.ActiveCfg = Release|x86
		{05310D47-0555-48F0-96A8-C18F4DDDC484}.Release|x64.ActiveCfg = Release|x64
		{05310D47-0555-48F0-96A8-C18F4DDDC484}.Release|x64.Build.0 = Release|x64
		{05310D47-0555-48F0-96A8-C18F4DDDC484}.Release|x64.Deploy.0 = Release|x64
		{05310D47-0555-48F0-96A8-C18F4DDDC484}.Release|x86.ActiveCfg = Release|x86
		{05310D47-0555-48F0-96A8-C18F4DDDC484}.Release|x86.Build.0 = Release|x86
		{05310D47-0555-48F0-96A8-C18F4DDDC484}.Release|x86.Deploy.0 = Release|x86
		{21016EF1-4B74-4E2E-B8DE-E0B12BCCC4D2}.Ad-Hoc|Any CPU.ActiveCfg = Debug|Any CPU
		{21016EF1-4B74-4E2E-B8DE-E0B12BCCC4D2}.Ad-Hoc|Any CPU.Build.0 = Debug|Any CPU
		{21016EF1-4B74-4E2E-B8DE-E0B12BCCC4D2}.Ad-Hoc|ARM.ActiveCfg = Debug|Any CPU
		{21016EF1-4B74-4E2E-B8DE-E0B12BCCC4D2}.Ad-Hoc|ARM.Build.0 = Debug|Any CPU
		{21016EF1-4B74-4E2E-B8DE-E0B12BCCC4D2}.Ad-Hoc|iPhone.ActiveCfg = Debug|Any CPU
		{21016EF1-4B74-4E2E-B8DE-E0B12BCCC4D2}.Ad-Hoc|iPhone.Build.0 = Debug|Any CPU
		{21016EF1-4B74-4E2E-B8DE-E0B12BCCC4D2}.Ad-Hoc|iPhoneSimulator.ActiveCfg = Debug|Any CPU
		{21016EF1-4B74-4E2E-B8DE-E0B12BCCC4D2}.Ad-Hoc|iPhoneSimulator.Build.0 = Debug|Any CPU
		{21016EF1-4B74-4E2E-B8DE-E0B12BCCC4D2}.Ad-Hoc|x64.ActiveCfg = Debug|Any CPU
		{21016EF1-4B74-4E2E-B8DE-E0B12BCCC4D2}.Ad-Hoc|x64.Build.0 = Debug|Any CPU
		{21016EF1-4B74-4E2E-B8DE-E0B12BCCC4D2}.Ad-Hoc|x86.ActiveCfg = Debug|Any CPU
		{21016EF1-4B74-4E2E-B8DE-E0B12BCCC4D2}.Ad-Hoc|x86.Build.0 = Debug|Any CPU
		{21016EF1-4B74-4E2E-B8DE-E0B12BCCC4D2}.AppStore|Any CPU.ActiveCfg = Debug|Any CPU
		{21016EF1-4B74-4E2E-B8DE-E0B12BCCC4D2}.AppStore|Any CPU.Build.0 = Debug|Any CPU
		{21016EF1-4B74-4E2E-B8DE-E0B12BCCC4D2}.AppStore|ARM.ActiveCfg = Debug|Any CPU
		{21016EF1-4B74-4E2E-B8DE-E0B12BCCC4D2}.AppStore|ARM.Build.0 = Debug|Any CPU
		{21016EF1-4B74-4E2E-B8DE-E0B12BCCC4D2}.AppStore|iPhone.ActiveCfg = Debug|Any CPU
		{21016EF1-4B74-4E2E-B8DE-E0B12BCCC4D2}.AppStore|iPhone.Build.0 = Debug|Any CPU
		{21016EF1-4B74-4E2E-B8DE-E0B12BCCC4D2}.AppStore|iPhoneSimulator.ActiveCfg = Debug|Any CPU
		{21016EF1-4B74-4E2E-B8DE-E0B12BCCC4D2}.AppStore|iPhoneSimulator.Build.0 = Debug|Any CPU
		{21016EF1-4B74-4E2E-B8DE-E0B12BCCC4D2}.AppStore|x64.ActiveCfg = Debug|Any CPU
		{21016EF1-4B74-4E2E-B8DE-E0B12BCCC4D2}.AppStore|x64.Build.0 = Debug|Any CPU
		{21016EF1-4B74-4E2E-B8DE-E0B12BCCC4D2}.AppStore|x86.ActiveCfg = Debug|Any CPU
		{21016EF1-4B74-4E2E-B8DE-E0B12BCCC4D2}.AppStore|x86.Build.0 = Debug|Any CPU
		{21016EF1-4B74-4E2E-B8DE-E0B12BCCC4D2}.Debug|Any CPU.ActiveCfg = Debug|Any CPU
		{21016EF1-4B74-4E2E-B8DE-E0B12BCCC4D2}.Debug|Any CPU.Build.0 = Debug|Any CPU
		{21016EF1-4B74-4E2E-B8DE-E0B12BCCC4D2}.Debug|ARM.ActiveCfg = Debug|Any CPU
		{21016EF1-4B74-4E2E-B8DE-E0B12BCCC4D2}.Debug|ARM.Build.0 = Debug|Any CPU
		{21016EF1-4B74-4E2E-B8DE-E0B12BCCC4D2}.Debug|iPhone.ActiveCfg = Debug|Any CPU
		{21016EF1-4B74-4E2E-B8DE-E0B12BCCC4D2}.Debug|iPhone.Build.0 = Debug|Any CPU
		{21016EF1-4B74-4E2E-B8DE-E0B12BCCC4D2}.Debug|iPhoneSimulator.ActiveCfg = Debug|Any CPU
		{21016EF1-4B74-4E2E-B8DE-E0B12BCCC4D2}.Debug|iPhoneSimulator.Build.0 = Debug|Any CPU
		{21016EF1-4B74-4E2E-B8DE-E0B12BCCC4D2}.Debug|x64.ActiveCfg = Debug|Any CPU
		{21016EF1-4B74-4E2E-B8DE-E0B12BCCC4D2}.Debug|x64.Build.0 = Debug|Any CPU
		{21016EF1-4B74-4E2E-B8DE-E0B12BCCC4D2}.Debug|x86.ActiveCfg = Debug|Any CPU
		{21016EF1-4B74-4E2E-B8DE-E0B12BCCC4D2}.Debug|x86.Build.0 = Debug|Any CPU
		{21016EF1-4B74-4E2E-B8DE-E0B12BCCC4D2}.Release|Any CPU.ActiveCfg = Release|Any CPU
		{21016EF1-4B74-4E2E-B8DE-E0B12BCCC4D2}.Release|Any CPU.Build.0 = Release|Any CPU
		{21016EF1-4B74-4E2E-B8DE-E0B12BCCC4D2}.Release|ARM.ActiveCfg = Release|Any CPU
		{21016EF1-4B74-4E2E-B8DE-E0B12BCCC4D2}.Release|ARM.Build.0 = Release|Any CPU
		{21016EF1-4B74-4E2E-B8DE-E0B12BCCC4D2}.Release|iPhone.ActiveCfg = Release|Any CPU
		{21016EF1-4B74-4E2E-B8DE-E0B12BCCC4D2}.Release|iPhone.Build.0 = Release|Any CPU
		{21016EF1-4B74-4E2E-B8DE-E0B12BCCC4D2}.Release|iPhoneSimulator.ActiveCfg = Release|Any CPU
		{21016EF1-4B74-4E2E-B8DE-E0B12BCCC4D2}.Release|iPhoneSimulator.Build.0 = Release|Any CPU
		{21016EF1-4B74-4E2E-B8DE-E0B12BCCC4D2}.Release|x64.ActiveCfg = Release|Any CPU
		{21016EF1-4B74-4E2E-B8DE-E0B12BCCC4D2}.Release|x64.Build.0 = Release|Any CPU
		{21016EF1-4B74-4E2E-B8DE-E0B12BCCC4D2}.Release|x86.ActiveCfg = Release|Any CPU
		{21016EF1-4B74-4E2E-B8DE-E0B12BCCC4D2}.Release|x86.Build.0 = Release|Any CPU
	EndGlobalSection
	GlobalSection(SolutionProperties) = preSolution
		HideSolutionNode = FALSE
	EndGlobalSection
	GlobalSection(ExtensibilityGlobals) = postSolution
		SolutionGuid = {C07CF283-994A-446B-962D-A9842CE46D65}
	EndGlobalSection
EndGlobal
