
Microsoft Visual Studio Solution File, Format Version 12.00
# Visual Studio 15
VisualStudioVersion = 15.0.27130.2010
MinimumVisualStudioVersion = 10.0.40219.1
Project("{FAE04EC0-301F-11D3-BF4B-00C04F79EFBC}") = "curso14_MasteDetail.Android", "curso14_MasteDetail\curso14_MasteDetail.Android\curso14_MasteDetail.Android.csproj", "{51F97DEE-E53C-44C6-ABCF-FD94F2069C07}"
EndProject
Project("{FAE04EC0-301F-11D3-BF4B-00C04F79EFBC}") = "curso14_MasteDetail.iOS", "curso14_MasteDetail\curso14_MasteDetail.iOS\curso14_MasteDetail.iOS.csproj", "{ACAF4DC5-5FDF-418E-A5AF-5B20F1C63349}"
EndProject
Project("{FAE04EC0-301F-11D3-BF4B-00C04F79EFBC}") = "curso14_MasteDetail.UWP", "curso14_MasteDetail\curso14_MasteDetail.UWP\curso14_MasteDetail.UWP.csproj", "{067F9B54-136C-4BD5-BCD1-7D2EF6EF5E3A}"
EndProject
Project("{FAE04EC0-301F-11D3-BF4B-00C04F79EFBC}") = "curso14_MasteDetail", "curso14_MasteDetail\curso14_MasteDetail\curso14_MasteDetail.csproj", "{7A411367-5DA1-41BF-8885-BFD5CB0FA878}"
EndProject
Global
	GlobalSection(SolutionConfigurationPlatforms) = preSolution
		Ad-Hoc|Any CPU = Ad-Hoc|Any CPU
		Ad-Hoc|ARM = Ad-Hoc|ARM
		Ad-Hoc|iPhone = Ad-Hoc|iPhone
		Ad-Hoc|iPhoneSimulator = Ad-Hoc|iPhoneSimulator
		Ad-Hoc|x64 = Ad-Hoc|x64
		Ad-Hoc|x86 = Ad-Hoc|x86
		AppStore|Any CPU = AppStore|Any CPU
		AppStore|ARM = AppStore|ARM
		AppStore|iPhone = AppStore|iPhone
		AppStore|iPhoneSimulator = AppStore|iPhoneSimulator
		AppStore|x64 = AppStore|x64
		AppStore|x86 = AppStore|x86
		Debug|Any CPU = Debug|Any CPU
		Debug|ARM = Debug|ARM
		Debug|iPhone = Debug|iPhone
		Debug|iPhoneSimulator = Debug|iPhoneSimulator
		Debug|x64 = Debug|x64
		Debug|x86 = Debug|x86
		Release|Any CPU = Release|Any CPU
		Release|ARM = Release|ARM
		Release|iPhone = Release|iPhone
		Release|iPhoneSimulator = Release|iPhoneSimulator
		Release|x64 = Release|x64
		Release|x86 = Release|x86
	EndGlobalSection
	GlobalSection(ProjectConfigurationPlatforms) = postSolution
		{51F97DEE-E53C-44C6-ABCF-FD94F2069C07}.Ad-Hoc|Any CPU.ActiveCfg = Release|Any CPU
		{51F97DEE-E53C-44C6-ABCF-FD94F2069C07}.Ad-Hoc|Any CPU.Build.0 = Release|Any CPU
		{51F97DEE-E53C-44C6-ABCF-FD94F2069C07}.Ad-Hoc|Any CPU.Deploy.0 = Release|Any CPU
		{51F97DEE-E53C-44C6-ABCF-FD94F2069C07}.Ad-Hoc|ARM.ActiveCfg = Release|Any CPU
		{51F97DEE-E53C-44C6-ABCF-FD94F2069C07}.Ad-Hoc|ARM.Build.0 = Release|Any CPU
		{51F97DEE-E53C-44C6-ABCF-FD94F2069C07}.Ad-Hoc|ARM.Deploy.0 = Release|Any CPU
		{51F97DEE-E53C-44C6-ABCF-FD94F2069C07}.Ad-Hoc|iPhone.ActiveCfg = Release|Any CPU
		{51F97DEE-E53C-44C6-ABCF-FD94F2069C07}.Ad-Hoc|iPhone.Build.0 = Release|Any CPU
		{51F97DEE-E53C-44C6-ABCF-FD94F2069C07}.Ad-Hoc|iPhone.Deploy.0 = Release|Any CPU
		{51F97DEE-E53C-44C6-ABCF-FD94F2069C07}.Ad-Hoc|iPhoneSimulator.ActiveCfg = Release|Any CPU
		{51F97DEE-E53C-44C6-ABCF-FD94F2069C07}.Ad-Hoc|iPhoneSimulator.Build.0 = Release|Any CPU
		{51F97DEE-E53C-44C6-ABCF-FD94F2069C07}.Ad-Hoc|iPhoneSimulator.Deploy.0 = Release|Any CPU
		{51F97DEE-E53C-44C6-ABCF-FD94F2069C07}.Ad-Hoc|x64.ActiveCfg = Release|Any CPU
		{51F97DEE-E53C-44C6-ABCF-FD94F2069C07}.Ad-Hoc|x64.Build.0 = Release|Any CPU
		{51F97DEE-E53C-44C6-ABCF-FD94F2069C07}.Ad-Hoc|x64.Deploy.0 = Release|Any CPU
		{51F97DEE-E53C-44C6-ABCF-FD94F2069C07}.Ad-Hoc|x86.ActiveCfg = Release|Any CPU
		{51F97DEE-E53C-44C6-ABCF-FD94F2069C07}.Ad-Hoc|x86.Build.0 = Release|Any CPU
		{51F97DEE-E53C-44C6-ABCF-FD94F2069C07}.Ad-Hoc|x86.Deploy.0 = Release|Any CPU
		{51F97DEE-E53C-44C6-ABCF-FD94F2069C07}.AppStore|Any CPU.ActiveCfg = Release|Any CPU
		{51F97DEE-E53C-44C6-ABCF-FD94F2069C07}.AppStore|Any CPU.Build.0 = Release|Any CPU
		{51F97DEE-E53C-44C6-ABCF-FD94F2069C07}.AppStore|Any CPU.Deploy.0 = Release|Any CPU
		{51F97DEE-E53C-44C6-ABCF-FD94F2069C07}.AppStore|ARM.ActiveCfg = Release|Any CPU
		{51F97DEE-E53C-44C6-ABCF-FD94F2069C07}.AppStore|ARM.Build.0 = Release|Any CPU
		{51F97DEE-E53C-44C6-ABCF-FD94F2069C07}.AppStore|ARM.Deploy.0 = Release|Any CPU
		{51F97DEE-E53C-44C6-ABCF-FD94F2069C07}.AppStore|iPhone.ActiveCfg = Release|Any CPU
		{51F97DEE-E53C-44C6-ABCF-FD94F2069C07}.AppStore|iPhone.Build.0 = Release|Any CPU
		{51F97DEE-E53C-44C6-ABCF-FD94F2069C07}.AppStore|iPhone.Deploy.0 = Release|Any CPU
		{51F97DEE-E53C-44C6-ABCF-FD94F2069C07}.AppStore|iPhoneSimulator.ActiveCfg = Release|Any CPU
		{51F97DEE-E53C-44C6-ABCF-FD94F2069C07}.AppStore|iPhoneSimulator.Build.0 = Release|Any CPU
		{51F97DEE-E53C-44C6-ABCF-FD94F2069C07}.AppStore|iPhoneSimulator.Deploy.0 = Release|Any CPU
		{51F97DEE-E53C-44C6-ABCF-FD94F2069C07}.AppStore|x64.ActiveCfg = Release|Any CPU
		{51F97DEE-E53C-44C6-ABCF-FD94F2069C07}.AppStore|x64.Build.0 = Release|Any CPU
		{51F97DEE-E53C-44C6-ABCF-FD94F2069C07}.AppStore|x64.Deploy.0 = Release|Any CPU
		{51F97DEE-E53C-44C6-ABCF-FD94F2069C07}.AppStore|x86.ActiveCfg = Release|Any CPU
		{51F97DEE-E53C-44C6-ABCF-FD94F2069C07}.AppStore|x86.Build.0 = Release|Any CPU
		{51F97DEE-E53C-44C6-ABCF-FD94F2069C07}.AppStore|x86.Deploy.0 = Release|Any CPU
		{51F97DEE-E53C-44C6-ABCF-FD94F2069C07}.Debug|Any CPU.ActiveCfg = Debug|Any CPU
		{51F97DEE-E53C-44C6-ABCF-FD94F2069C07}.Debug|Any CPU.Build.0 = Debug|Any CPU
		{51F97DEE-E53C-44C6-ABCF-FD94F2069C07}.Debug|Any CPU.Deploy.0 = Debug|Any CPU
		{51F97DEE-E53C-44C6-ABCF-FD94F2069C07}.Debug|ARM.ActiveCfg = Debug|Any CPU
		{51F97DEE-E53C-44C6-ABCF-FD94F2069C07}.Debug|ARM.Build.0 = Debug|Any CPU
		{51F97DEE-E53C-44C6-ABCF-FD94F2069C07}.Debug|ARM.Deploy.0 = Debug|Any CPU
		{51F97DEE-E53C-44C6-ABCF-FD94F2069C07}.Debug|iPhone.ActiveCfg = Debug|Any CPU
		{51F97DEE-E53C-44C6-ABCF-FD94F2069C07}.Debug|iPhone.Build.0 = Debug|Any CPU
		{51F97DEE-E53C-44C6-ABCF-FD94F2069C07}.Debug|iPhone.Deploy.0 = Debug|Any CPU
		{51F97DEE-E53C-44C6-ABCF-FD94F2069C07}.Debug|iPhoneSimulator.ActiveCfg = Debug|Any CPU
		{51F97DEE-E53C-44C6-ABCF-FD94F2069C07}.Debug|iPhoneSimulator.Build.0 = Debug|Any CPU
		{51F97DEE-E53C-44C6-ABCF-FD94F2069C07}.Debug|iPhoneSimulator.Deploy.0 = Debug|Any CPU
		{51F97DEE-E53C-44C6-ABCF-FD94F2069C07}.Debug|x64.ActiveCfg = Debug|Any CPU
		{51F97DEE-E53C-44C6-ABCF-FD94F2069C07}.Debug|x64.Build.0 = Debug|Any CPU
		{51F97DEE-E53C-44C6-ABCF-FD94F2069C07}.Debug|x64.Deploy.0 = Debug|Any CPU
		{51F97DEE-E53C-44C6-ABCF-FD94F2069C07}.Debug|x86.ActiveCfg = Debug|Any CPU
		{51F97DEE-E53C-44C6-ABCF-FD94F2069C07}.Debug|x86.Build.0 = Debug|Any CPU
		{51F97DEE-E53C-44C6-ABCF-FD94F2069C07}.Debug|x86.Deploy.0 = Debug|Any CPU
		{51F97DEE-E53C-44C6-ABCF-FD94F2069C07}.Release|Any CPU.ActiveCfg = Release|Any CPU
		{51F97DEE-E53C-44C6-ABCF-FD94F2069C07}.Release|Any CPU.Build.0 = Release|Any CPU
		{51F97DEE-E53C-44C6-ABCF-FD94F2069C07}.Release|Any CPU.Deploy.0 = Release|Any CPU
		{51F97DEE-E53C-44C6-ABCF-FD94F2069C07}.Release|ARM.ActiveCfg = Release|Any CPU
		{51F97DEE-E53C-44C6-ABCF-FD94F2069C07}.Release|ARM.Build.0 = Release|Any CPU
		{51F97DEE-E53C-44C6-ABCF-FD94F2069C07}.Release|ARM.Deploy.0 = Release|Any CPU
		{51F97DEE-E53C-44C6-ABCF-FD94F2069C07}.Release|iPhone.ActiveCfg = Release|Any CPU
		{51F97DEE-E53C-44C6-ABCF-FD94F2069C07}.Release|iPhone.Build.0 = Release|Any CPU
		{51F97DEE-E53C-44C6-ABCF-FD94F2069C07}.Release|iPhone.Deploy.0 = Release|Any CPU
		{51F97DEE-E53C-44C6-ABCF-FD94F2069C07}.Release|iPhoneSimulator.ActiveCfg = Release|Any CPU
		{51F97DEE-E53C-44C6-ABCF-FD94F2069C07}.Release|iPhoneSimulator.Build.0 = Release|Any CPU
		{51F97DEE-E53C-44C6-ABCF-FD94F2069C07}.Release|iPhoneSimulator.Deploy.0 = Release|Any CPU
		{51F97DEE-E53C-44C6-ABCF-FD94F2069C07}.Release|x64.ActiveCfg = Release|Any CPU
		{51F97DEE-E53C-44C6-ABCF-FD94F2069C07}.Release|x64.Build.0 = Release|Any CPU
		{51F97DEE-E53C-44C6-ABCF-FD94F2069C07}.Release|x64.Deploy.0 = Release|Any CPU
		{51F97DEE-E53C-44C6-ABCF-FD94F2069C07}.Release|x86.ActiveCfg = Release|Any CPU
		{51F97DEE-E53C-44C6-ABCF-FD94F2069C07}.Release|x86.Build.0 = Release|Any CPU
		{51F97DEE-E53C-44C6-ABCF-FD94F2069C07}.Release|x86.Deploy.0 = Release|Any CPU
		{ACAF4DC5-5FDF-418E-A5AF-5B20F1C63349}.Ad-Hoc|Any CPU.ActiveCfg = Ad-Hoc|iPhone
		{ACAF4DC5-5FDF-418E-A5AF-5B20F1C63349}.Ad-Hoc|ARM.ActiveCfg = Ad-Hoc|iPhone
		{ACAF4DC5-5FDF-418E-A5AF-5B20F1C63349}.Ad-Hoc|iPhone.ActiveCfg = Ad-Hoc|iPhone
		{ACAF4DC5-5FDF-418E-A5AF-5B20F1C63349}.Ad-Hoc|iPhone.Build.0 = Ad-Hoc|iPhone
		{ACAF4DC5-5FDF-418E-A5AF-5B20F1C63349}.Ad-Hoc|iPhoneSimulator.ActiveCfg = Ad-Hoc|iPhoneSimulator
		{ACAF4DC5-5FDF-418E-A5AF-5B20F1C63349}.Ad-Hoc|iPhoneSimulator.Build.0 = Ad-Hoc|iPhoneSimulator
		{ACAF4DC5-5FDF-418E-A5AF-5B20F1C63349}.Ad-Hoc|x64.ActiveCfg = Ad-Hoc|iPhone
		{ACAF4DC5-5FDF-418E-A5AF-5B20F1C63349}.Ad-Hoc|x86.ActiveCfg = Ad-Hoc|iPhone
		{ACAF4DC5-5FDF-418E-A5AF-5B20F1C63349}.AppStore|Any CPU.ActiveCfg = AppStore|iPhone
		{ACAF4DC5-5FDF-418E-A5AF-5B20F1C63349}.AppStore|ARM.ActiveCfg = AppStore|iPhone
		{ACAF4DC5-5FDF-418E-A5AF-5B20F1C63349}.AppStore|iPhone.ActiveCfg = AppStore|iPhone
		{ACAF4DC5-5FDF-418E-A5AF-5B20F1C63349}.AppStore|iPhone.Build.0 = AppStore|iPhone
		{ACAF4DC5-5FDF-418E-A5AF-5B20F1C63349}.AppStore|iPhoneSimulator.ActiveCfg = AppStore|iPhoneSimulator
		{ACAF4DC5-5FDF-418E-A5AF-5B20F1C63349}.AppStore|iPhoneSimulator.Build.0 = AppStore|iPhoneSimulator
		{ACAF4DC5-5FDF-418E-A5AF-5B20F1C63349}.AppStore|x64.ActiveCfg = AppStore|iPhone
		{ACAF4DC5-5FDF-418E-A5AF-5B20F1C63349}.AppStore|x86.ActiveCfg = AppStore|iPhone
		{ACAF4DC5-5FDF-418E-A5AF-5B20F1C63349}.Debug|Any CPU.ActiveCfg = Debug|iPhone
		{ACAF4DC5-5FDF-418E-A5AF-5B20F1C63349}.Debug|ARM.ActiveCfg = Debug|iPhone
		{ACAF4DC5-5FDF-418E-A5AF-5B20F1C63349}.Debug|iPhone.ActiveCfg = Debug|iPhone
		{ACAF4DC5-5FDF-418E-A5AF-5B20F1C63349}.Debug|iPhone.Build.0 = Debug|iPhone
		{ACAF4DC5-5FDF-418E-A5AF-5B20F1C63349}.Debug|iPhoneSimulator.ActiveCfg = Debug|iPhoneSimulator
		{ACAF4DC5-5FDF-418E-A5AF-5B20F1C63349}.Debug|iPhoneSimulator.Build.0 = Debug|iPhoneSimulator
		{ACAF4DC5-5FDF-418E-A5AF-5B20F1C63349}.Debug|x64.ActiveCfg = Debug|iPhone
		{ACAF4DC5-5FDF-418E-A5AF-5B20F1C63349}.Debug|x86.ActiveCfg = Debug|iPhone
		{ACAF4DC5-5FDF-418E-A5AF-5B20F1C63349}.Release|Any CPU.ActiveCfg = Release|iPhone
		{ACAF4DC5-5FDF-418E-A5AF-5B20F1C63349}.Release|ARM.ActiveCfg = Release|iPhone
		{ACAF4DC5-5FDF-418E-A5AF-5B20F1C63349}.Release|iPhone.ActiveCfg = Release|iPhone
		{ACAF4DC5-5FDF-418E-A5AF-5B20F1C63349}.Release|iPhone.Build.0 = Release|iPhone
		{ACAF4DC5-5FDF-418E-A5AF-5B20F1C63349}.Release|iPhoneSimulator.ActiveCfg = Release|iPhoneSimulator
		{ACAF4DC5-5FDF-418E-A5AF-5B20F1C63349}.Release|iPhoneSimulator.Build.0 = Release|iPhoneSimulator
		{ACAF4DC5-5FDF-418E-A5AF-5B20F1C63349}.Release|x64.ActiveCfg = Release|iPhone
		{ACAF4DC5-5FDF-418E-A5AF-5B20F1C63349}.Release|x86.ActiveCfg = Release|iPhone
		{067F9B54-136C-4BD5-BCD1-7D2EF6EF5E3A}.Ad-Hoc|Any CPU.ActiveCfg = Release|x86
		{067F9B54-136C-4BD5-BCD1-7D2EF6EF5E3A}.Ad-Hoc|Any CPU.Build.0 = Release|x86
		{067F9B54-136C-4BD5-BCD1-7D2EF6EF5E3A}.Ad-Hoc|Any CPU.Deploy.0 = Release|x86
		{067F9B54-136C-4BD5-BCD1-7D2EF6EF5E3A}.Ad-Hoc|ARM.ActiveCfg = Release|ARM
		{067F9B54-136C-4BD5-BCD1-7D2EF6EF5E3A}.Ad-Hoc|ARM.Build.0 = Release|ARM
		{067F9B54-136C-4BD5-BCD1-7D2EF6EF5E3A}.Ad-Hoc|ARM.Deploy.0 = Release|ARM
		{067F9B54-136C-4BD5-BCD1-7D2EF6EF5E3A}.Ad-Hoc|iPhone.ActiveCfg = Release|x86
		{067F9B54-136C-4BD5-BCD1-7D2EF6EF5E3A}.Ad-Hoc|iPhone.Build.0 = Release|x86
		{067F9B54-136C-4BD5-BCD1-7D2EF6EF5E3A}.Ad-Hoc|iPhone.Deploy.0 = Release|x86
		{067F9B54-136C-4BD5-BCD1-7D2EF6EF5E3A}.Ad-Hoc|iPhoneSimulator.ActiveCfg = Release|x86
		{067F9B54-136C-4BD5-BCD1-7D2EF6EF5E3A}.Ad-Hoc|iPhoneSimulator.Build.0 = Release|x86
		{067F9B54-136C-4BD5-BCD1-7D2EF6EF5E3A}.Ad-Hoc|iPhoneSimulator.Deploy.0 = Release|x86
		{067F9B54-136C-4BD5-BCD1-7D2EF6EF5E3A}.Ad-Hoc|x64.ActiveCfg = Release|x64
		{067F9B54-136C-4BD5-BCD1-7D2EF6EF5E3A}.Ad-Hoc|x64.Build.0 = Release|x64
		{067F9B54-136C-4BD5-BCD1-7D2EF6EF5E3A}.Ad-Hoc|x64.Deploy.0 = Release|x64
		{067F9B54-136C-4BD5-BCD1-7D2EF6EF5E3A}.Ad-Hoc|x86.ActiveCfg = Release|x86
		{067F9B54-136C-4BD5-BCD1-7D2EF6EF5E3A}.Ad-Hoc|x86.Build.0 = Release|x86
		{067F9B54-136C-4BD5-BCD1-7D2EF6EF5E3A}.Ad-Hoc|x86.Deploy.0 = Release|x86
		{067F9B54-136C-4BD5-BCD1-7D2EF6EF5E3A}.AppStore|Any CPU.ActiveCfg = Release|x86
		{067F9B54-136C-4BD5-BCD1-7D2EF6EF5E3A}.AppStore|Any CPU.Build.0 = Release|x86
		{067F9B54-136C-4BD5-BCD1-7D2EF6EF5E3A}.AppStore|Any CPU.Deploy.0 = Release|x86
		{067F9B54-136C-4BD5-BCD1-7D2EF6EF5E3A}.AppStore|ARM.ActiveCfg = Release|ARM
		{067F9B54-136C-4BD5-BCD1-7D2EF6EF5E3A}.AppStore|ARM.Build.0 = Release|ARM
		{067F9B54-136C-4BD5-BCD1-7D2EF6EF5E3A}.AppStore|ARM.Deploy.0 = Release|ARM
		{067F9B54-136C-4BD5-BCD1-7D2EF6EF5E3A}.AppStore|iPhone.ActiveCfg = Release|x86
		{067F9B54-136C-4BD5-BCD1-7D2EF6EF5E3A}.AppStore|iPhone.Build.0 = Release|x86
		{067F9B54-136C-4BD5-BCD1-7D2EF6EF5E3A}.AppStore|iPhone.Deploy.0 = Release|x86
		{067F9B54-136C-4BD5-BCD1-7D2EF6EF5E3A}.AppStore|iPhoneSimulator.ActiveCfg = Release|x86
		{067F9B54-136C-4BD5-BCD1-7D2EF6EF5E3A}.AppStore|iPhoneSimulator.Build.0 = Release|x86
		{067F9B54-136C-4BD5-BCD1-7D2EF6EF5E3A}.AppStore|iPhoneSimulator.Deploy.0 = Release|x86
		{067F9B54-136C-4BD5-BCD1-7D2EF6EF5E3A}.AppStore|x64.ActiveCfg = Release|x64
		{067F9B54-136C-4BD5-BCD1-7D2EF6EF5E3A}.AppStore|x64.Build.0 = Release|x64
		{067F9B54-136C-4BD5-BCD1-7D2EF6EF5E3A}.AppStore|x64.Deploy.0 = Release|x64
		{067F9B54-136C-4BD5-BCD1-7D2EF6EF5E3A}.AppStore|x86.ActiveCfg = Release|x86
		{067F9B54-136C-4BD5-BCD1-7D2EF6EF5E3A}.AppStore|x86.Build.0 = Release|x86
		{067F9B54-136C-4BD5-BCD1-7D2EF6EF5E3A}.AppStore|x86.Deploy.0 = Release|x86
		{067F9B54-136C-4BD5-BCD1-7D2EF6EF5E3A}.Debug|Any CPU.ActiveCfg = Debug|x86
		{067F9B54-136C-4BD5-BCD1-7D2EF6EF5E3A}.Debug|ARM.ActiveCfg = Debug|ARM
		{067F9B54-136C-4BD5-BCD1-7D2EF6EF5E3A}.Debug|ARM.Build.0 = Debug|ARM
		{067F9B54-136C-4BD5-BCD1-7D2EF6EF5E3A}.Debug|ARM.Deploy.0 = Debug|ARM
		{067F9B54-136C-4BD5-BCD1-7D2EF6EF5E3A}.Debug|iPhone.ActiveCfg = Debug|x86
		{067F9B54-136C-4BD5-BCD1-7D2EF6EF5E3A}.Debug|iPhoneSimulator.ActiveCfg = Debug|x86
		{067F9B54-136C-4BD5-BCD1-7D2EF6EF5E3A}.Debug|x64.ActiveCfg = Debug|x64
		{067F9B54-136C-4BD5-BCD1-7D2EF6EF5E3A}.Debug|x64.Build.0 = Debug|x64
		{067F9B54-136C-4BD5-BCD1-7D2EF6EF5E3A}.Debug|x64.Deploy.0 = Debug|x64
		{067F9B54-136C-4BD5-BCD1-7D2EF6EF5E3A}.Debug|x86.ActiveCfg = Debug|x86
		{067F9B54-136C-4BD5-BCD1-7D2EF6EF5E3A}.Debug|x86.Build.0 = Debug|x86
		{067F9B54-136C-4BD5-BCD1-7D2EF6EF5E3A}.Debug|x86.Deploy.0 = Debug|x86
		{067F9B54-136C-4BD5-BCD1-7D2EF6EF5E3A}.Release|Any CPU.ActiveCfg = Release|x86
		{067F9B54-136C-4BD5-BCD1-7D2EF6EF5E3A}.Release|ARM.ActiveCfg = Release|ARM
		{067F9B54-136C-4BD5-BCD1-7D2EF6EF5E3A}.Release|ARM.Build.0 = Release|ARM
		{067F9B54-136C-4BD5-BCD1-7D2EF6EF5E3A}.Release|ARM.Deploy.0 = Release|ARM
		{067F9B54-136C-4BD5-BCD1-7D2EF6EF5E3A}.Release|iPhone.ActiveCfg = Release|x86
		{067F9B54-136C-4BD5-BCD1-7D2EF6EF5E3A}.Release|iPhoneSimulator.ActiveCfg = Release|x86
		{067F9B54-136C-4BD5-BCD1-7D2EF6EF5E3A}.Release|x64.ActiveCfg = Release|x64
		{067F9B54-136C-4BD5-BCD1-7D2EF6EF5E3A}.Release|x64.Build.0 = Release|x64
		{067F9B54-136C-4BD5-BCD1-7D2EF6EF5E3A}.Release|x64.Deploy.0 = Release|x64
		{067F9B54-136C-4BD5-BCD1-7D2EF6EF5E3A}.Release|x86.ActiveCfg = Release|x86
		{067F9B54-136C-4BD5-BCD1-7D2EF6EF5E3A}.Release|x86.Build.0 = Release|x86
		{067F9B54-136C-4BD5-BCD1-7D2EF6EF5E3A}.Release|x86.Deploy.0 = Release|x86
		{7A411367-5DA1-41BF-8885-BFD5CB0FA878}.Ad-Hoc|Any CPU.ActiveCfg = Debug|Any CPU
		{7A411367-5DA1-41BF-8885-BFD5CB0FA878}.Ad-Hoc|Any CPU.Build.0 = Debug|Any CPU
		{7A411367-5DA1-41BF-8885-BFD5CB0FA878}.Ad-Hoc|ARM.ActiveCfg = Debug|Any CPU
		{7A411367-5DA1-41BF-8885-BFD5CB0FA878}.Ad-Hoc|ARM.Build.0 = Debug|Any CPU
		{7A411367-5DA1-41BF-8885-BFD5CB0FA878}.Ad-Hoc|iPhone.ActiveCfg = Debug|Any CPU
		{7A411367-5DA1-41BF-8885-BFD5CB0FA878}.Ad-Hoc|iPhone.Build.0 = Debug|Any CPU
		{7A411367-5DA1-41BF-8885-BFD5CB0FA878}.Ad-Hoc|iPhoneSimulator.ActiveCfg = Debug|Any CPU
		{7A411367-5DA1-41BF-8885-BFD5CB0FA878}.Ad-Hoc|iPhoneSimulator.Build.0 = Debug|Any CPU
		{7A411367-5DA1-41BF-8885-BFD5CB0FA878}.Ad-Hoc|x64.ActiveCfg = Debug|Any CPU
		{7A411367-5DA1-41BF-8885-BFD5CB0FA878}.Ad-Hoc|x64.Build.0 = Debug|Any CPU
		{7A411367-5DA1-41BF-8885-BFD5CB0FA878}.Ad-Hoc|x86.ActiveCfg = Debug|Any CPU
		{7A411367-5DA1-41BF-8885-BFD5CB0FA878}.Ad-Hoc|x86.Build.0 = Debug|Any CPU
		{7A411367-5DA1-41BF-8885-BFD5CB0FA878}.AppStore|Any CPU.ActiveCfg = Debug|Any CPU
		{7A411367-5DA1-41BF-8885-BFD5CB0FA878}.AppStore|Any CPU.Build.0 = Debug|Any CPU
		{7A411367-5DA1-41BF-8885-BFD5CB0FA878}.AppStore|ARM.ActiveCfg = Debug|Any CPU
		{7A411367-5DA1-41BF-8885-BFD5CB0FA878}.AppStore|ARM.Build.0 = Debug|Any CPU
		{7A411367-5DA1-41BF-8885-BFD5CB0FA878}.AppStore|iPhone.ActiveCfg = Debug|Any CPU
		{7A411367-5DA1-41BF-8885-BFD5CB0FA878}.AppStore|iPhone.Build.0 = Debug|Any CPU
		{7A411367-5DA1-41BF-8885-BFD5CB0FA878}.AppStore|iPhoneSimulator.ActiveCfg = Debug|Any CPU
		{7A411367-5DA1-41BF-8885-BFD5CB0FA878}.AppStore|iPhoneSimulator.Build.0 = Debug|Any CPU
		{7A411367-5DA1-41BF-8885-BFD5CB0FA878}.AppStore|x64.ActiveCfg = Debug|Any CPU
		{7A411367-5DA1-41BF-8885-BFD5CB0FA878}.AppStore|x64.Build.0 = Debug|Any CPU
		{7A411367-5DA1-41BF-8885-BFD5CB0FA878}.AppStore|x86.ActiveCfg = Debug|Any CPU
		{7A411367-5DA1-41BF-8885-BFD5CB0FA878}.AppStore|x86.Build.0 = Debug|Any CPU
		{7A411367-5DA1-41BF-8885-BFD5CB0FA878}.Debug|Any CPU.ActiveCfg = Debug|Any CPU
		{7A411367-5DA1-41BF-8885-BFD5CB0FA878}.Debug|Any CPU.Build.0 = Debug|Any CPU
		{7A411367-5DA1-41BF-8885-BFD5CB0FA878}.Debug|ARM.ActiveCfg = Debug|Any CPU
		{7A411367-5DA1-41BF-8885-BFD5CB0FA878}.Debug|ARM.Build.0 = Debug|Any CPU
		{7A411367-5DA1-41BF-8885-BFD5CB0FA878}.Debug|iPhone.ActiveCfg = Debug|Any CPU
		{7A411367-5DA1-41BF-8885-BFD5CB0FA878}.Debug|iPhone.Build.0 = Debug|Any CPU
		{7A411367-5DA1-41BF-8885-BFD5CB0FA878}.Debug|iPhoneSimulator.ActiveCfg = Debug|Any CPU
		{7A411367-5DA1-41BF-8885-BFD5CB0FA878}.Debug|iPhoneSimulator.Build.0 = Debug|Any CPU
		{7A411367-5DA1-41BF-8885-BFD5CB0FA878}.Debug|x64.ActiveCfg = Debug|Any CPU
		{7A411367-5DA1-41BF-8885-BFD5CB0FA878}.Debug|x64.Build.0 = Debug|Any CPU
		{7A411367-5DA1-41BF-8885-BFD5CB0FA878}.Debug|x86.ActiveCfg = Debug|Any CPU
		{7A411367-5DA1-41BF-8885-BFD5CB0FA878}.Debug|x86.Build.0 = Debug|Any CPU
		{7A411367-5DA1-41BF-8885-BFD5CB0FA878}.Release|Any CPU.ActiveCfg = Release|Any CPU
		{7A411367-5DA1-41BF-8885-BFD5CB0FA878}.Release|Any CPU.Build.0 = Release|Any CPU
		{7A411367-5DA1-41BF-8885-BFD5CB0FA878}.Release|ARM.ActiveCfg = Release|Any CPU
		{7A411367-5DA1-41BF-8885-BFD5CB0FA878}.Release|ARM.Build.0 = Release|Any CPU
		{7A411367-5DA1-41BF-8885-BFD5CB0FA878}.Release|iPhone.ActiveCfg = Release|Any CPU
		{7A411367-5DA1-41BF-8885-BFD5CB0FA878}.Release|iPhone.Build.0 = Release|Any CPU
		{7A411367-5DA1-41BF-8885-BFD5CB0FA878}.Release|iPhoneSimulator.ActiveCfg = Release|Any CPU
		{7A411367-5DA1-41BF-8885-BFD5CB0FA878}.Release|iPhoneSimulator.Build.0 = Release|Any CPU
		{7A411367-5DA1-41BF-8885-BFD5CB0FA878}.Release|x64.ActiveCfg = Release|Any CPU
		{7A411367-5DA1-41BF-8885-BFD5CB0FA878}.Release|x64.Build.0 = Release|Any CPU
		{7A411367-5DA1-41BF-8885-BFD5CB0FA878}.Release|x86.ActiveCfg = Release|Any CPU
		{7A411367-5DA1-41BF-8885-BFD5CB0FA878}.Release|x86.Build.0 = Release|Any CPU
	EndGlobalSection
	GlobalSection(SolutionProperties) = preSolution
		HideSolutionNode = FALSE
	EndGlobalSection
	GlobalSection(ExtensibilityGlobals) = postSolution
		SolutionGuid = {E1E8023F-CB49-4AFE-88D8-2BB72197B759}
	EndGlobalSection
EndGlobal
