
Microsoft Visual Studio Solution File, Format Version 12.00
# Visual Studio 15
VisualStudioVersion = 15.0.27130.2010
MinimumVisualStudioVersion = 10.0.40219.1
Project("{FAE04EC0-301F-11D3-BF4B-00C04F79EFBC}") = "curso9_DisplayAlert.Android", "curso9_DisplayAlert\curso9_DisplayAlert.Android\curso9_DisplayAlert.Android.csproj", "{5BB9D92B-F8A4-4111-BE20-6C878C97CDC1}"
EndProject
Project("{FAE04EC0-301F-11D3-BF4B-00C04F79EFBC}") = "curso9_DisplayAlert.iOS", "curso9_DisplayAlert\curso9_DisplayAlert.iOS\curso9_DisplayAlert.iOS.csproj", "{2A3B77DC-24DA-4F24-8619-2AA9327DD790}"
EndProject
Project("{FAE04EC0-301F-11D3-BF4B-00C04F79EFBC}") = "curso9_DisplayAlert.UWP", "curso9_DisplayAlert\curso9_DisplayAlert.UWP\curso9_DisplayAlert.UWP.csproj", "{CE03E0DA-A157-43B2-877E-58CDA0BBCCD0}"
EndProject
Project("{D954291E-2A0B-460D-934E-DC6B0785DB48}") = "curso9_DisplayAlert", "curso9_DisplayAlert\curso9_DisplayAlert\curso9_DisplayAlert.shproj", "{263A8BF5-969F-4082-B44D-E5F7870CBD74}"
EndProject
Global
	GlobalSection(SharedMSBuildProjectFiles) = preSolution
		curso9_DisplayAlert\curso9_DisplayAlert\curso9_DisplayAlert.projitems*{263a8bf5-969f-4082-b44d-e5f7870cbd74}*SharedItemsImports = 13
		curso9_DisplayAlert\curso9_DisplayAlert\curso9_DisplayAlert.projitems*{2a3b77dc-24da-4f24-8619-2aa9327dd790}*SharedItemsImports = 4
		curso9_DisplayAlert\curso9_DisplayAlert\curso9_DisplayAlert.projitems*{5bb9d92b-f8a4-4111-be20-6c878c97cdc1}*SharedItemsImports = 4
		curso9_DisplayAlert\curso9_DisplayAlert\curso9_DisplayAlert.projitems*{ce03e0da-a157-43b2-877e-58cda0bbccd0}*SharedItemsImports = 4
	EndGlobalSection
	GlobalSection(SolutionConfigurationPlatforms) = preSolution
		Ad-Hoc|Any CPU = Ad-Hoc|Any CPU
		Ad-Hoc|ARM = Ad-Hoc|ARM
		Ad-Hoc|iPhone = Ad-Hoc|iPhone
		Ad-Hoc|iPhoneSimulator = Ad-Hoc|iPhoneSimulator
		Ad-Hoc|x64 = Ad-Hoc|x64
		Ad-Hoc|x86 = Ad-Hoc|x86
		AppStore|Any CPU = AppStore|Any CPU
		AppStore|ARM = AppStore|ARM
		AppStore|iPhone = AppStore|iPhone
		AppStore|iPhoneSimulator = AppStore|iPhoneSimulator
		AppStore|x64 = AppStore|x64
		AppStore|x86 = AppStore|x86
		Debug|Any CPU = Debug|Any CPU
		Debug|ARM = Debug|ARM
		Debug|iPhone = Debug|iPhone
		Debug|iPhoneSimulator = Debug|iPhoneSimulator
		Debug|x64 = Debug|x64
		Debug|x86 = Debug|x86
		Release|Any CPU = Release|Any CPU
		Release|ARM = Release|ARM
		Release|iPhone = Release|iPhone
		Release|iPhoneSimulator = Release|iPhoneSimulator
		Release|x64 = Release|x64
		Release|x86 = Release|x86
	EndGlobalSection
	GlobalSection(ProjectConfigurationPlatforms) = postSolution
		{5BB9D92B-F8A4-4111-BE20-6C878C97CDC1}.Ad-Hoc|Any CPU.ActiveCfg = Release|Any CPU
		{5BB9D92B-F8A4-4111-BE20-6C878C97CDC1}.Ad-Hoc|Any CPU.Build.0 = Release|Any CPU
		{5BB9D92B-F8A4-4111-BE20-6C878C97CDC1}.Ad-Hoc|Any CPU.Deploy.0 = Release|Any CPU
		{5BB9D92B-F8A4-4111-BE20-6C878C97CDC1}.Ad-Hoc|ARM.ActiveCfg = Release|Any CPU
		{5BB9D92B-F8A4-4111-BE20-6C878C97CDC1}.Ad-Hoc|ARM.Build.0 = Release|Any CPU
		{5BB9D92B-F8A4-4111-BE20-6C878C97CDC1}.Ad-Hoc|ARM.Deploy.0 = Release|Any CPU
		{5BB9D92B-F8A4-4111-BE20-6C878C97CDC1}.Ad-Hoc|iPhone.ActiveCfg = Release|Any CPU
		{5BB9D92B-F8A4-4111-BE20-6C878C97CDC1}.Ad-Hoc|iPhone.Build.0 = Release|Any CPU
		{5BB9D92B-F8A4-4111-BE20-6C878C97CDC1}.Ad-Hoc|iPhone.Deploy.0 = Release|Any CPU
		{5BB9D92B-F8A4-4111-BE20-6C878C97CDC1}.Ad-Hoc|iPhoneSimulator.ActiveCfg = Release|Any CPU
		{5BB9D92B-F8A4-4111-BE20-6C878C97CDC1}.Ad-Hoc|iPhoneSimulator.Build.0 = Release|Any CPU
		{5BB9D92B-F8A4-4111-BE20-6C878C97CDC1}.Ad-Hoc|iPhoneSimulator.Deploy.0 = Release|Any CPU
		{5BB9D92B-F8A4-4111-BE20-6C878C97CDC1}.Ad-Hoc|x64.ActiveCfg = Release|Any CPU
		{5BB9D92B-F8A4-4111-BE20-6C878C97CDC1}.Ad-Hoc|x64.Build.0 = Release|Any CPU
		{5BB9D92B-F8A4-4111-BE20-6C878C97CDC1}.Ad-Hoc|x64.Deploy.0 = Release|Any CPU
		{5BB9D92B-F8A4-4111-BE20-6C878C97CDC1}.Ad-Hoc|x86.ActiveCfg = Release|Any CPU
		{5BB9D92B-F8A4-4111-BE20-6C878C97CDC1}.Ad-Hoc|x86.Build.0 = Release|Any CPU
		{5BB9D92B-F8A4-4111-BE20-6C878C97CDC1}.Ad-Hoc|x86.Deploy.0 = Release|Any CPU
		{5BB9D92B-F8A4-4111-BE20-6C878C97CDC1}.AppStore|Any CPU.ActiveCfg = Release|Any CPU
		{5BB9D92B-F8A4-4111-BE20-6C878C97CDC1}.AppStore|Any CPU.Build.0 = Release|Any CPU
		{5BB9D92B-F8A4-4111-BE20-6C878C97CDC1}.AppStore|Any CPU.Deploy.0 = Release|Any CPU
		{5BB9D92B-F8A4-4111-BE20-6C878C97CDC1}.AppStore|ARM.ActiveCfg = Release|Any CPU
		{5BB9D92B-F8A4-4111-BE20-6C878C97CDC1}.AppStore|ARM.Build.0 = Release|Any CPU
		{5BB9D92B-F8A4-4111-BE20-6C878C97CDC1}.AppStore|ARM.Deploy.0 = Release|Any CPU
		{5BB9D92B-F8A4-4111-BE20-6C878C97CDC1}.AppStore|iPhone.ActiveCfg = Release|Any CPU
		{5BB9D92B-F8A4-4111-BE20-6C878C97CDC1}.AppStore|iPhone.Build.0 = Release|Any CPU
		{5BB9D92B-F8A4-4111-BE20-6C878C97CDC1}.AppStore|iPhone.Deploy.0 = Release|Any CPU
		{5BB9D92B-F8A4-4111-BE20-6C878C97CDC1}.AppStore|iPhoneSimulator.ActiveCfg = Release|Any CPU
		{5BB9D92B-F8A4-4111-BE20-6C878C97CDC1}.AppStore|iPhoneSimulator.Build.0 = Release|Any CPU
		{5BB9D92B-F8A4-4111-BE20-6C878C97CDC1}.AppStore|iPhoneSimulator.Deploy.0 = Release|Any CPU
		{5BB9D92B-F8A4-4111-BE20-6C878C97CDC1}.AppStore|x64.ActiveCfg = Release|Any CPU
		{5BB9D92B-F8A4-4111-BE20-6C878C97CDC1}.AppStore|x64.Build.0 = Release|Any CPU
		{5BB9D92B-F8A4-4111-BE20-6C878C97CDC1}.AppStore|x64.Deploy.0 = Release|Any CPU
		{5BB9D92B-F8A4-4111-BE20-6C878C97CDC1}.AppStore|x86.ActiveCfg = Release|Any CPU
		{5BB9D92B-F8A4-4111-BE20-6C878C97CDC1}.AppStore|x86.Build.0 = Release|Any CPU
		{5BB9D92B-F8A4-4111-BE20-6C878C97CDC1}.AppStore|x86.Deploy.0 = Release|Any CPU
		{5BB9D92B-F8A4-4111-BE20-6C878C97CDC1}.Debug|Any CPU.ActiveCfg = Debug|Any CPU
		{5BB9D92B-F8A4-4111-BE20-6C878C97CDC1}.Debug|Any CPU.Build.0 = Debug|Any CPU
		{5BB9D92B-F8A4-4111-BE20-6C878C97CDC1}.Debug|Any CPU.Deploy.0 = Debug|Any CPU
		{5BB9D92B-F8A4-4111-BE20-6C878C97CDC1}.Debug|ARM.ActiveCfg = Debug|Any CPU
		{5BB9D92B-F8A4-4111-BE20-6C878C97CDC1}.Debug|ARM.Build.0 = Debug|Any CPU
		{5BB9D92B-F8A4-4111-BE20-6C878C97CDC1}.Debug|ARM.Deploy.0 = Debug|Any CPU
		{5BB9D92B-F8A4-4111-BE20-6C878C97CDC1}.Debug|iPhone.ActiveCfg = Debug|Any CPU
		{5BB9D92B-F8A4-4111-BE20-6C878C97CDC1}.Debug|iPhone.Build.0 = Debug|Any CPU
		{5BB9D92B-F8A4-4111-BE20-6C878C97CDC1}.Debug|iPhone.Deploy.0 = Debug|Any CPU
		{5BB9D92B-F8A4-4111-BE20-6C878C97CDC1}.Debug|iPhoneSimulator.ActiveCfg = Debug|Any CPU
		{5BB9D92B-F8A4-4111-BE20-6C878C97CDC1}.Debug|iPhoneSimulator.Build.0 = Debug|Any CPU
		{5BB9D92B-F8A4-4111-BE20-6C878C97CDC1}.Debug|iPhoneSimulator.Deploy.0 = Debug|Any CPU
		{5BB9D92B-F8A4-4111-BE20-6C878C97CDC1}.Debug|x64.ActiveCfg = Debug|Any CPU
		{5BB9D92B-F8A4-4111-BE20-6C878C97CDC1}.Debug|x64.Build.0 = Debug|Any CPU
		{5BB9D92B-F8A4-4111-BE20-6C878C97CDC1}.Debug|x64.Deploy.0 = Debug|Any CPU
		{5BB9D92B-F8A4-4111-BE20-6C878C97CDC1}.Debug|x86.ActiveCfg = Debug|Any CPU
		{5BB9D92B-F8A4-4111-BE20-6C878C97CDC1}.Debug|x86.Build.0 = Debug|Any CPU
		{5BB9D92B-F8A4-4111-BE20-6C878C97CDC1}.Debug|x86.Deploy.0 = Debug|Any CPU
		{5BB9D92B-F8A4-4111-BE20-6C878C97CDC1}.Release|Any CPU.ActiveCfg = Release|Any CPU
		{5BB9D92B-F8A4-4111-BE20-6C878C97CDC1}.Release|Any CPU.Build.0 = Release|Any CPU
		{5BB9D92B-F8A4-4111-BE20-6C878C97CDC1}.Release|Any CPU.Deploy.0 = Release|Any CPU
		{5BB9D92B-F8A4-4111-BE20-6C878C97CDC1}.Release|ARM.ActiveCfg = Release|Any CPU
		{5BB9D92B-F8A4-4111-BE20-6C878C97CDC1}.Release|ARM.Build.0 = Release|Any CPU
		{5BB9D92B-F8A4-4111-BE20-6C878C97CDC1}.Release|ARM.Deploy.0 = Release|Any CPU
		{5BB9D92B-F8A4-4111-BE20-6C878C97CDC1}.Release|iPhone.ActiveCfg = Release|Any CPU
		{5BB9D92B-F8A4-4111-BE20-6C878C97CDC1}.Release|iPhone.Build.0 = Release|Any CPU
		{5BB9D92B-F8A4-4111-BE20-6C878C97CDC1}.Release|iPhone.Deploy.0 = Release|Any CPU
		{5BB9D92B-F8A4-4111-BE20-6C878C97CDC1}.Release|iPhoneSimulator.ActiveCfg = Release|Any CPU
		{5BB9D92B-F8A4-4111-BE20-6C878C97CDC1}.Release|iPhoneSimulator.Build.0 = Release|Any CPU
		{5BB9D92B-F8A4-4111-BE20-6C878C97CDC1}.Release|iPhoneSimulator.Deploy.0 = Release|Any CPU
		{5BB9D92B-F8A4-4111-BE20-6C878C97CDC1}.Release|x64.ActiveCfg = Release|Any CPU
		{5BB9D92B-F8A4-4111-BE20-6C878C97CDC1}.Release|x64.Build.0 = Release|Any CPU
		{5BB9D92B-F8A4-4111-BE20-6C878C97CDC1}.Release|x64.Deploy.0 = Release|Any CPU
		{5BB9D92B-F8A4-4111-BE20-6C878C97CDC1}.Release|x86.ActiveCfg = Release|Any CPU
		{5BB9D92B-F8A4-4111-BE20-6C878C97CDC1}.Release|x86.Build.0 = Release|Any CPU
		{5BB9D92B-F8A4-4111-BE20-6C878C97CDC1}.Release|x86.Deploy.0 = Release|Any CPU
		{2A3B77DC-24DA-4F24-8619-2AA9327DD790}.Ad-Hoc|Any CPU.ActiveCfg = Ad-Hoc|iPhone
		{2A3B77DC-24DA-4F24-8619-2AA9327DD790}.Ad-Hoc|ARM.ActiveCfg = Ad-Hoc|iPhone
		{2A3B77DC-24DA-4F24-8619-2AA9327DD790}.Ad-Hoc|iPhone.ActiveCfg = Ad-Hoc|iPhone
		{2A3B77DC-24DA-4F24-8619-2AA9327DD790}.Ad-Hoc|iPhone.Build.0 = Ad-Hoc|iPhone
		{2A3B77DC-24DA-4F24-8619-2AA9327DD790}.Ad-Hoc|iPhoneSimulator.ActiveCfg = Ad-Hoc|iPhoneSimulator
		{2A3B77DC-24DA-4F24-8619-2AA9327DD790}.Ad-Hoc|iPhoneSimulator.Build.0 = Ad-Hoc|iPhoneSimulator
		{2A3B77DC-24DA-4F24-8619-2AA9327DD790}.Ad-Hoc|x64.ActiveCfg = Ad-Hoc|iPhone
		{2A3B77DC-24DA-4F24-8619-2AA9327DD790}.Ad-Hoc|x86.ActiveCfg = Ad-Hoc|iPhone
		{2A3B77DC-24DA-4F24-8619-2AA9327DD790}.AppStore|Any CPU.ActiveCfg = AppStore|iPhone
		{2A3B77DC-24DA-4F24-8619-2AA9327DD790}.AppStore|ARM.ActiveCfg = AppStore|iPhone
		{2A3B77DC-24DA-4F24-8619-2AA9327DD790}.AppStore|iPhone.ActiveCfg = AppStore|iPhone
		{2A3B77DC-24DA-4F24-8619-2AA9327DD790}.AppStore|iPhone.Build.0 = AppStore|iPhone
		{2A3B77DC-24DA-4F24-8619-2AA9327DD790}.AppStore|iPhoneSimulator.ActiveCfg = AppStore|iPhoneSimulator
		{2A3B77DC-24DA-4F24-8619-2AA9327DD790}.AppStore|iPhoneSimulator.Build.0 = AppStore|iPhoneSimulator
		{2A3B77DC-24DA-4F24-8619-2AA9327DD790}.AppStore|x64.ActiveCfg = AppStore|iPhone
		{2A3B77DC-24DA-4F24-8619-2AA9327DD790}.AppStore|x86.ActiveCfg = AppStore|iPhone
		{2A3B77DC-24DA-4F24-8619-2AA9327DD790}.Debug|Any CPU.ActiveCfg = Debug|iPhone
		{2A3B77DC-24DA-4F24-8619-2AA9327DD790}.Debug|ARM.ActiveCfg = Debug|iPhone
		{2A3B77DC-24DA-4F24-8619-2AA9327DD790}.Debug|iPhone.ActiveCfg = Debug|iPhone
		{2A3B77DC-24DA-4F24-8619-2AA9327DD790}.Debug|iPhone.Build.0 = Debug|iPhone
		{2A3B77DC-24DA-4F24-8619-2AA9327DD790}.Debug|iPhoneSimulator.ActiveCfg = Debug|iPhoneSimulator
		{2A3B77DC-24DA-4F24-8619-2AA9327DD790}.Debug|iPhoneSimulator.Build.0 = Debug|iPhoneSimulator
		{2A3B77DC-24DA-4F24-8619-2AA9327DD790}.Debug|x64.ActiveCfg = Debug|iPhone
		{2A3B77DC-24DA-4F24-8619-2AA9327DD790}.Debug|x86.ActiveCfg = Debug|iPhone
		{2A3B77DC-24DA-4F24-8619-2AA9327DD790}.Release|Any CPU.ActiveCfg = Release|iPhone
		{2A3B77DC-24DA-4F24-8619-2AA9327DD790}.Release|ARM.ActiveCfg = Release|iPhone
		{2A3B77DC-24DA-4F24-8619-2AA9327DD790}.Release|iPhone.ActiveCfg = Release|iPhone
		{2A3B77DC-24DA-4F24-8619-2AA9327DD790}.Release|iPhone.Build.0 = Release|iPhone
		{2A3B77DC-24DA-4F24-8619-2AA9327DD790}.Release|iPhoneSimulator.ActiveCfg = Release|iPhoneSimulator
		{2A3B77DC-24DA-4F24-8619-2AA9327DD790}.Release|iPhoneSimulator.Build.0 = Release|iPhoneSimulator
		{2A3B77DC-24DA-4F24-8619-2AA9327DD790}.Release|x64.ActiveCfg = Release|iPhone
		{2A3B77DC-24DA-4F24-8619-2AA9327DD790}.Release|x86.ActiveCfg = Release|iPhone
		{CE03E0DA-A157-43B2-877E-58CDA0BBCCD0}.Ad-Hoc|Any CPU.ActiveCfg = Release|x86
		{CE03E0DA-A157-43B2-877E-58CDA0BBCCD0}.Ad-Hoc|Any CPU.Build.0 = Release|x86
		{CE03E0DA-A157-43B2-877E-58CDA0BBCCD0}.Ad-Hoc|Any CPU.Deploy.0 = Release|x86
		{CE03E0DA-A157-43B2-877E-58CDA0BBCCD0}.Ad-Hoc|ARM.ActiveCfg = Release|ARM
		{CE03E0DA-A157-43B2-877E-58CDA0BBCCD0}.Ad-Hoc|ARM.Build.0 = Release|ARM
		{CE03E0DA-A157-43B2-877E-58CDA0BBCCD0}.Ad-Hoc|ARM.Deploy.0 = Release|ARM
		{CE03E0DA-A157-43B2-877E-58CDA0BBCCD0}.Ad-Hoc|iPhone.ActiveCfg = Release|x86
		{CE03E0DA-A157-43B2-877E-58CDA0BBCCD0}.Ad-Hoc|iPhone.Build.0 = Release|x86
		{CE03E0DA-A157-43B2-877E-58CDA0BBCCD0}.Ad-Hoc|iPhone.Deploy.0 = Release|x86
		{CE03E0DA-A157-43B2-877E-58CDA0BBCCD0}.Ad-Hoc|iPhoneSimulator.ActiveCfg = Release|x86
		{CE03E0DA-A157-43B2-877E-58CDA0BBCCD0}.Ad-Hoc|iPhoneSimulator.Build.0 = Release|x86
		{CE03E0DA-A157-43B2-877E-58CDA0BBCCD0}.Ad-Hoc|iPhoneSimulator.Deploy.0 = Release|x86
		{CE03E0DA-A157-43B2-877E-58CDA0BBCCD0}.Ad-Hoc|x64.ActiveCfg = Release|x64
		{CE03E0DA-A157-43B2-877E-58CDA0BBCCD0}.Ad-Hoc|x64.Build.0 = Release|x64
		{CE03E0DA-A157-43B2-877E-58CDA0BBCCD0}.Ad-Hoc|x64.Deploy.0 = Release|x64
		{CE03E0DA-A157-43B2-877E-58CDA0BBCCD0}.Ad-Hoc|x86.ActiveCfg = Release|x86
		{CE03E0DA-A157-43B2-877E-58CDA0BBCCD0}.Ad-Hoc|x86.Build.0 = Release|x86
		{CE03E0DA-A157-43B2-877E-58CDA0BBCCD0}.Ad-Hoc|x86.Deploy.0 = Release|x86
		{CE03E0DA-A157-43B2-877E-58CDA0BBCCD0}.AppStore|Any CPU.ActiveCfg = Release|x86
		{CE03E0DA-A157-43B2-877E-58CDA0BBCCD0}.AppStore|Any CPU.Build.0 = Release|x86
		{CE03E0DA-A157-43B2-877E-58CDA0BBCCD0}.AppStore|Any CPU.Deploy.0 = Release|x86
		{CE03E0DA-A157-43B2-877E-58CDA0BBCCD0}.AppStore|ARM.ActiveCfg = Release|ARM
		{CE03E0DA-A157-43B2-877E-58CDA0BBCCD0}.AppStore|ARM.Build.0 = Release|ARM
		{CE03E0DA-A157-43B2-877E-58CDA0BBCCD0}.AppStore|ARM.Deploy.0 = Release|ARM
		{CE03E0DA-A157-43B2-877E-58CDA0BBCCD0}.AppStore|iPhone.ActiveCfg = Release|x86
		{CE03E0DA-A157-43B2-877E-58CDA0BBCCD0}.AppStore|iPhone.Build.0 = Release|x86
		{CE03E0DA-A157-43B2-877E-58CDA0BBCCD0}.AppStore|iPhone.Deploy.0 = Release|x86
		{CE03E0DA-A157-43B2-877E-58CDA0BBCCD0}.AppStore|iPhoneSimulator.ActiveCfg = Release|x86
		{CE03E0DA-A157-43B2-877E-58CDA0BBCCD0}.AppStore|iPhoneSimulator.Build.0 = Release|x86
		{CE03E0DA-A157-43B2-877E-58CDA0BBCCD0}.AppStore|iPhoneSimulator.Deploy.0 = Release|x86
		{CE03E0DA-A157-43B2-877E-58CDA0BBCCD0}.AppStore|x64.ActiveCfg = Release|x64
		{CE03E0DA-A157-43B2-877E-58CDA0BBCCD0}.AppStore|x64.Build.0 = Release|x64
		{CE03E0DA-A157-43B2-877E-58CDA0BBCCD0}.AppStore|x64.Deploy.0 = Release|x64
		{CE03E0DA-A157-43B2-877E-58CDA0BBCCD0}.AppStore|x86.ActiveCfg = Release|x86
		{CE03E0DA-A157-43B2-877E-58CDA0BBCCD0}.AppStore|x86.Build.0 = Release|x86
		{CE03E0DA-A157-43B2-877E-58CDA0BBCCD0}.AppStore|x86.Deploy.0 = Release|x86
		{CE03E0DA-A157-43B2-877E-58CDA0BBCCD0}.Debug|Any CPU.ActiveCfg = Debug|x86
		{CE03E0DA-A157-43B2-877E-58CDA0BBCCD0}.Debug|ARM.ActiveCfg = Debug|ARM
		{CE03E0DA-A157-43B2-877E-58CDA0BBCCD0}.Debug|ARM.Build.0 = Debug|ARM
		{CE03E0DA-A157-43B2-877E-58CDA0BBCCD0}.Debug|ARM.Deploy.0 = Debug|ARM
		{CE03E0DA-A157-43B2-877E-58CDA0BBCCD0}.Debug|iPhone.ActiveCfg = Debug|x86
		{CE03E0DA-A157-43B2-877E-58CDA0BBCCD0}.Debug|iPhoneSimulator.ActiveCfg = Debug|x86
		{CE03E0DA-A157-43B2-877E-58CDA0BBCCD0}.Debug|x64.ActiveCfg = Debug|x64
		{CE03E0DA-A157-43B2-877E-58CDA0BBCCD0}.Debug|x64.Build.0 = Debug|x64
		{CE03E0DA-A157-43B2-877E-58CDA0BBCCD0}.Debug|x64.Deploy.0 = Debug|x64
		{CE03E0DA-A157-43B2-877E-58CDA0BBCCD0}.Debug|x86.ActiveCfg = Debug|x86
		{CE03E0DA-A157-43B2-877E-58CDA0BBCCD0}.Debug|x86.Build.0 = Debug|x86
		{CE03E0DA-A157-43B2-877E-58CDA0BBCCD0}.Debug|x86.Deploy.0 = Debug|x86
		{CE03E0DA-A157-43B2-877E-58CDA0BBCCD0}.Release|Any CPU.ActiveCfg = Release|x86
		{CE03E0DA-A157-43B2-877E-58CDA0BBCCD0}.Release|ARM.ActiveCfg = Release|ARM
		{CE03E0DA-A157-43B2-877E-58CDA0BBCCD0}.Release|ARM.Build.0 = Release|ARM
		{CE03E0DA-A157-43B2-877E-58CDA0BBCCD0}.Release|ARM.Deploy.0 = Release|ARM
		{CE03E0DA-A157-43B2-877E-58CDA0BBCCD0}.Release|iPhone.ActiveCfg = Release|x86
		{CE03E0DA-A157-43B2-877E-58CDA0BBCCD0}.Release|iPhoneSimulator.ActiveCfg = Release|x86
		{CE03E0DA-A157-43B2-877E-58CDA0BBCCD0}.Release|x64.ActiveCfg = Release|x64
		{CE03E0DA-A157-43B2-877E-58CDA0BBCCD0}.Release|x64.Build.0 = Release|x64
		{CE03E0DA-A157-43B2-877E-58CDA0BBCCD0}.Release|x64.Deploy.0 = Release|x64
		{CE03E0DA-A157-43B2-877E-58CDA0BBCCD0}.Release|x86.ActiveCfg = Release|x86
		{CE03E0DA-A157-43B2-877E-58CDA0BBCCD0}.Release|x86.Build.0 = Release|x86
		{CE03E0DA-A157-43B2-877E-58CDA0BBCCD0}.Release|x86.Deploy.0 = Release|x86
	EndGlobalSection
	GlobalSection(SolutionProperties) = preSolution
		HideSolutionNode = FALSE
	EndGlobalSection
	GlobalSection(ExtensibilityGlobals) = postSolution
		SolutionGuid = {AC7559E2-5BA5-4409-A353-3DDCEAE44E95}
	EndGlobalSection
EndGlobal
