
Microsoft Visual Studio Solution File, Format Version 12.00
# Visual Studio 15
VisualStudioVersion = 15.0.27130.2010
MinimumVisualStudioVersion = 10.0.40219.1
Project("{FAE04EC0-301F-11D3-BF4B-00C04F79EFBC}") = "curso5_controles_basicos.Android", "curso5_controles_basicos\curso5_controles_basicos.Android\curso5_controles_basicos.Android.csproj", "{A5F7D778-52CF-4828-B9BC-1FD8C495F057}"
EndProject
Project("{FAE04EC0-301F-11D3-BF4B-00C04F79EFBC}") = "curso5_controles_basicos.iOS", "curso5_controles_basicos\curso5_controles_basicos.iOS\curso5_controles_basicos.iOS.csproj", "{14F6D63B-8B96-412C-916B-C58BBFBF29C2}"
EndProject
Project("{FAE04EC0-301F-11D3-BF4B-00C04F79EFBC}") = "curso5_controles_basicos.UWP", "curso5_controles_basicos\curso5_controles_basicos.UWP\curso5_controles_basicos.UWP.csproj", "{3E5BD009-EBF1-4DFF-928C-C6ED72E0340C}"
EndProject
Project("{D954291E-2A0B-460D-934E-DC6B0785DB48}") = "curso5_controles_basicos", "curso5_controles_basicos\curso5_controles_basicos\curso5_controles_basicos.shproj", "{7DD0A89B-7386-45B2-8204-10F60EA0E50F}"
EndProject
Global
	GlobalSection(SharedMSBuildProjectFiles) = preSolution
		curso5_controles_basicos\curso5_controles_basicos\curso5_controles_basicos.projitems*{14f6d63b-8b96-412c-916b-c58bbfbf29c2}*SharedItemsImports = 4
		curso5_controles_basicos\curso5_controles_basicos\curso5_controles_basicos.projitems*{3e5bd009-ebf1-4dff-928c-c6ed72e0340c}*SharedItemsImports = 4
		curso5_controles_basicos\curso5_controles_basicos\curso5_controles_basicos.projitems*{7dd0a89b-7386-45b2-8204-10f60ea0e50f}*SharedItemsImports = 13
		curso5_controles_basicos\curso5_controles_basicos\curso5_controles_basicos.projitems*{a5f7d778-52cf-4828-b9bc-1fd8c495f057}*SharedItemsImports = 4
	EndGlobalSection
	GlobalSection(SolutionConfigurationPlatforms) = preSolution
		Ad-Hoc|Any CPU = Ad-Hoc|Any CPU
		Ad-Hoc|ARM = Ad-Hoc|ARM
		Ad-Hoc|iPhone = Ad-Hoc|iPhone
		Ad-Hoc|iPhoneSimulator = Ad-Hoc|iPhoneSimulator
		Ad-Hoc|x64 = Ad-Hoc|x64
		Ad-Hoc|x86 = Ad-Hoc|x86
		AppStore|Any CPU = AppStore|Any CPU
		AppStore|ARM = AppStore|ARM
		AppStore|iPhone = AppStore|iPhone
		AppStore|iPhoneSimulator = AppStore|iPhoneSimulator
		AppStore|x64 = AppStore|x64
		AppStore|x86 = AppStore|x86
		Debug|Any CPU = Debug|Any CPU
		Debug|ARM = Debug|ARM
		Debug|iPhone = Debug|iPhone
		Debug|iPhoneSimulator = Debug|iPhoneSimulator
		Debug|x64 = Debug|x64
		Debug|x86 = Debug|x86
		Release|Any CPU = Release|Any CPU
		Release|ARM = Release|ARM
		Release|iPhone = Release|iPhone
		Release|iPhoneSimulator = Release|iPhoneSimulator
		Release|x64 = Release|x64
		Release|x86 = Release|x86
	EndGlobalSection
	GlobalSection(ProjectConfigurationPlatforms) = postSolution
		{A5F7D778-52CF-4828-B9BC-1FD8C495F057}.Ad-Hoc|Any CPU.ActiveCfg = Release|Any CPU
		{A5F7D778-52CF-4828-B9BC-1FD8C495F057}.Ad-Hoc|Any CPU.Build.0 = Release|Any CPU
		{A5F7D778-52CF-4828-B9BC-1FD8C495F057}.Ad-Hoc|Any CPU.Deploy.0 = Release|Any CPU
		{A5F7D778-52CF-4828-B9BC-1FD8C495F057}.Ad-Hoc|ARM.ActiveCfg = Release|Any CPU
		{A5F7D778-52CF-4828-B9BC-1FD8C495F057}.Ad-Hoc|ARM.Build.0 = Release|Any CPU
		{A5F7D778-52CF-4828-B9BC-1FD8C495F057}.Ad-Hoc|ARM.Deploy.0 = Release|Any CPU
		{A5F7D778-52CF-4828-B9BC-1FD8C495F057}.Ad-Hoc|iPhone.ActiveCfg = Release|Any CPU
		{A5F7D778-52CF-4828-B9BC-1FD8C495F057}.Ad-Hoc|iPhone.Build.0 = Release|Any CPU
		{A5F7D778-52CF-4828-B9BC-1FD8C495F057}.Ad-Hoc|iPhone.Deploy.0 = Release|Any CPU
		{A5F7D778-52CF-4828-B9BC-1FD8C495F057}.Ad-Hoc|iPhoneSimulator.ActiveCfg = Release|Any CPU
		{A5F7D778-52CF-4828-B9BC-1FD8C495F057}.Ad-Hoc|iPhoneSimulator.Build.0 = Release|Any CPU
		{A5F7D778-52CF-4828-B9BC-1FD8C495F057}.Ad-Hoc|iPhoneSimulator.Deploy.0 = Release|Any CPU
		{A5F7D778-52CF-4828-B9BC-1FD8C495F057}.Ad-Hoc|x64.ActiveCfg = Release|Any CPU
		{A5F7D778-52CF-4828-B9BC-1FD8C495F057}.Ad-Hoc|x64.Build.0 = Release|Any CPU
		{A5F7D778-52CF-4828-B9BC-1FD8C495F057}.Ad-Hoc|x64.Deploy.0 = Release|Any CPU
		{A5F7D778-52CF-4828-B9BC-1FD8C495F057}.Ad-Hoc|x86.ActiveCfg = Release|Any CPU
		{A5F7D778-52CF-4828-B9BC-1FD8C495F057}.Ad-Hoc|x86.Build.0 = Release|Any CPU
		{A5F7D778-52CF-4828-B9BC-1FD8C495F057}.Ad-Hoc|x86.Deploy.0 = Release|Any CPU
		{A5F7D778-52CF-4828-B9BC-1FD8C495F057}.AppStore|Any CPU.ActiveCfg = Release|Any CPU
		{A5F7D778-52CF-4828-B9BC-1FD8C495F057}.AppStore|Any CPU.Build.0 = Release|Any CPU
		{A5F7D778-52CF-4828-B9BC-1FD8C495F057}.AppStore|Any CPU.Deploy.0 = Release|Any CPU
		{A5F7D778-52CF-4828-B9BC-1FD8C495F057}.AppStore|ARM.ActiveCfg = Release|Any CPU
		{A5F7D778-52CF-4828-B9BC-1FD8C495F057}.AppStore|ARM.Build.0 = Release|Any CPU
		{A5F7D778-52CF-4828-B9BC-1FD8C495F057}.AppStore|ARM.Deploy.0 = Release|Any CPU
		{A5F7D778-52CF-4828-B9BC-1FD8C495F057}.AppStore|iPhone.ActiveCfg = Release|Any CPU
		{A5F7D778-52CF-4828-B9BC-1FD8C495F057}.AppStore|iPhone.Build.0 = Release|Any CPU
		{A5F7D778-52CF-4828-B9BC-1FD8C495F057}.AppStore|iPhone.Deploy.0 = Release|Any CPU
		{A5F7D778-52CF-4828-B9BC-1FD8C495F057}.AppStore|iPhoneSimulator.ActiveCfg = Release|Any CPU
		{A5F7D778-52CF-4828-B9BC-1FD8C495F057}.AppStore|iPhoneSimulator.Build.0 = Release|Any CPU
		{A5F7D778-52CF-4828-B9BC-1FD8C495F057}.AppStore|iPhoneSimulator.Deploy.0 = Release|Any CPU
		{A5F7D778-52CF-4828-B9BC-1FD8C495F057}.AppStore|x64.ActiveCfg = Release|Any CPU
		{A5F7D778-52CF-4828-B9BC-1FD8C495F057}.AppStore|x64.Build.0 = Release|Any CPU
		{A5F7D778-52CF-4828-B9BC-1FD8C495F057}.AppStore|x64.Deploy.0 = Release|Any CPU
		{A5F7D778-52CF-4828-B9BC-1FD8C495F057}.AppStore|x86.ActiveCfg = Release|Any CPU
		{A5F7D778-52CF-4828-B9BC-1FD8C495F057}.AppStore|x86.Build.0 = Release|Any CPU
		{A5F7D778-52CF-4828-B9BC-1FD8C495F057}.AppStore|x86.Deploy.0 = Release|Any CPU
		{A5F7D778-52CF-4828-B9BC-1FD8C495F057}.Debug|Any CPU.ActiveCfg = Debug|Any CPU
		{A5F7D778-52CF-4828-B9BC-1FD8C495F057}.Debug|Any CPU.Build.0 = Debug|Any CPU
		{A5F7D778-52CF-4828-B9BC-1FD8C495F057}.Debug|Any CPU.Deploy.0 = Debug|Any CPU
		{A5F7D778-52CF-4828-B9BC-1FD8C495F057}.Debug|ARM.ActiveCfg = Debug|Any CPU
		{A5F7D778-52CF-4828-B9BC-1FD8C495F057}.Debug|ARM.Build.0 = Debug|Any CPU
		{A5F7D778-52CF-4828-B9BC-1FD8C495F057}.Debug|ARM.Deploy.0 = Debug|Any CPU
		{A5F7D778-52CF-4828-B9BC-1FD8C495F057}.Debug|iPhone.ActiveCfg = Debug|Any CPU
		{A5F7D778-52CF-4828-B9BC-1FD8C495F057}.Debug|iPhone.Build.0 = Debug|Any CPU
		{A5F7D778-52CF-4828-B9BC-1FD8C495F057}.Debug|iPhone.Deploy.0 = Debug|Any CPU
		{A5F7D778-52CF-4828-B9BC-1FD8C495F057}.Debug|iPhoneSimulator.ActiveCfg = Debug|Any CPU
		{A5F7D778-52CF-4828-B9BC-1FD8C495F057}.Debug|iPhoneSimulator.Build.0 = Debug|Any CPU
		{A5F7D778-52CF-4828-B9BC-1FD8C495F057}.Debug|iPhoneSimulator.Deploy.0 = Debug|Any CPU
		{A5F7D778-52CF-4828-B9BC-1FD8C495F057}.Debug|x64.ActiveCfg = Debug|Any CPU
		{A5F7D778-52CF-4828-B9BC-1FD8C495F057}.Debug|x64.Build.0 = Debug|Any CPU
		{A5F7D778-52CF-4828-B9BC-1FD8C495F057}.Debug|x64.Deploy.0 = Debug|Any CPU
		{A5F7D778-52CF-4828-B9BC-1FD8C495F057}.Debug|x86.ActiveCfg = Debug|Any CPU
		{A5F7D778-52CF-4828-B9BC-1FD8C495F057}.Debug|x86.Build.0 = Debug|Any CPU
		{A5F7D778-52CF-4828-B9BC-1FD8C495F057}.Debug|x86.Deploy.0 = Debug|Any CPU
		{A5F7D778-52CF-4828-B9BC-1FD8C495F057}.Release|Any CPU.ActiveCfg = Release|Any CPU
		{A5F7D778-52CF-4828-B9BC-1FD8C495F057}.Release|Any CPU.Build.0 = Release|Any CPU
		{A5F7D778-52CF-4828-B9BC-1FD8C495F057}.Release|Any CPU.Deploy.0 = Release|Any CPU
		{A5F7D778-52CF-4828-B9BC-1FD8C495F057}.Release|ARM.ActiveCfg = Release|Any CPU
		{A5F7D778-52CF-4828-B9BC-1FD8C495F057}.Release|ARM.Build.0 = Release|Any CPU
		{A5F7D778-52CF-4828-B9BC-1FD8C495F057}.Release|ARM.Deploy.0 = Release|Any CPU
		{A5F7D778-52CF-4828-B9BC-1FD8C495F057}.Release|iPhone.ActiveCfg = Release|Any CPU
		{A5F7D778-52CF-4828-B9BC-1FD8C495F057}.Release|iPhone.Build.0 = Release|Any CPU
		{A5F7D778-52CF-4828-B9BC-1FD8C495F057}.Release|iPhone.Deploy.0 = Release|Any CPU
		{A5F7D778-52CF-4828-B9BC-1FD8C495F057}.Release|iPhoneSimulator.ActiveCfg = Release|Any CPU
		{A5F7D778-52CF-4828-B9BC-1FD8C495F057}.Release|iPhoneSimulator.Build.0 = Release|Any CPU
		{A5F7D778-52CF-4828-B9BC-1FD8C495F057}.Release|iPhoneSimulator.Deploy.0 = Release|Any CPU
		{A5F7D778-52CF-4828-B9BC-1FD8C495F057}.Release|x64.ActiveCfg = Release|Any CPU
		{A5F7D778-52CF-4828-B9BC-1FD8C495F057}.Release|x64.Build.0 = Release|Any CPU
		{A5F7D778-52CF-4828-B9BC-1FD8C495F057}.Release|x64.Deploy.0 = Release|Any CPU
		{A5F7D778-52CF-4828-B9BC-1FD8C495F057}.Release|x86.ActiveCfg = Release|Any CPU
		{A5F7D778-52CF-4828-B9BC-1FD8C495F057}.Release|x86.Build.0 = Release|Any CPU
		{A5F7D778-52CF-4828-B9BC-1FD8C495F057}.Release|x86.Deploy.0 = Release|Any CPU
		{14F6D63B-8B96-412C-916B-C58BBFBF29C2}.Ad-Hoc|Any CPU.ActiveCfg = Ad-Hoc|iPhone
		{14F6D63B-8B96-412C-916B-C58BBFBF29C2}.Ad-Hoc|ARM.ActiveCfg = Ad-Hoc|iPhone
		{14F6D63B-8B96-412C-916B-C58BBFBF29C2}.Ad-Hoc|iPhone.ActiveCfg = Ad-Hoc|iPhone
		{14F6D63B-8B96-412C-916B-C58BBFBF29C2}.Ad-Hoc|iPhone.Build.0 = Ad-Hoc|iPhone
		{14F6D63B-8B96-412C-916B-C58BBFBF29C2}.Ad-Hoc|iPhoneSimulator.ActiveCfg = Ad-Hoc|iPhoneSimulator
		{14F6D63B-8B96-412C-916B-C58BBFBF29C2}.Ad-Hoc|iPhoneSimulator.Build.0 = Ad-Hoc|iPhoneSimulator
		{14F6D63B-8B96-412C-916B-C58BBFBF29C2}.Ad-Hoc|x64.ActiveCfg = Ad-Hoc|iPhone
		{14F6D63B-8B96-412C-916B-C58BBFBF29C2}.Ad-Hoc|x86.ActiveCfg = Ad-Hoc|iPhone
		{14F6D63B-8B96-412C-916B-C58BBFBF29C2}.AppStore|Any CPU.ActiveCfg = AppStore|iPhone
		{14F6D63B-8B96-412C-916B-C58BBFBF29C2}.AppStore|ARM.ActiveCfg = AppStore|iPhone
		{14F6D63B-8B96-412C-916B-C58BBFBF29C2}.AppStore|iPhone.ActiveCfg = AppStore|iPhone
		{14F6D63B-8B96-412C-916B-C58BBFBF29C2}.AppStore|iPhone.Build.0 = AppStore|iPhone
		{14F6D63B-8B96-412C-916B-C58BBFBF29C2}.AppStore|iPhoneSimulator.ActiveCfg = AppStore|iPhoneSimulator
		{14F6D63B-8B96-412C-916B-C58BBFBF29C2}.AppStore|iPhoneSimulator.Build.0 = AppStore|iPhoneSimulator
		{14F6D63B-8B96-412C-916B-C58BBFBF29C2}.AppStore|x64.ActiveCfg = AppStore|iPhone
		{14F6D63B-8B96-412C-916B-C58BBFBF29C2}.AppStore|x86.ActiveCfg = AppStore|iPhone
		{14F6D63B-8B96-412C-916B-C58BBFBF29C2}.Debug|Any CPU.ActiveCfg = Debug|iPhone
		{14F6D63B-8B96-412C-916B-C58BBFBF29C2}.Debug|ARM.ActiveCfg = Debug|iPhone
		{14F6D63B-8B96-412C-916B-C58BBFBF29C2}.Debug|iPhone.ActiveCfg = Debug|iPhone
		{14F6D63B-8B96-412C-916B-C58BBFBF29C2}.Debug|iPhone.Build.0 = Debug|iPhone
		{14F6D63B-8B96-412C-916B-C58BBFBF29C2}.Debug|iPhoneSimulator.ActiveCfg = Debug|iPhoneSimulator
		{14F6D63B-8B96-412C-916B-C58BBFBF29C2}.Debug|iPhoneSimulator.Build.0 = Debug|iPhoneSimulator
		{14F6D63B-8B96-412C-916B-C58BBFBF29C2}.Debug|x64.ActiveCfg = Debug|iPhone
		{14F6D63B-8B96-412C-916B-C58BBFBF29C2}.Debug|x86.ActiveCfg = Debug|iPhone
		{14F6D63B-8B96-412C-916B-C58BBFBF29C2}.Release|Any CPU.ActiveCfg = Release|iPhone
		{14F6D63B-8B96-412C-916B-C58BBFBF29C2}.Release|ARM.ActiveCfg = Release|iPhone
		{14F6D63B-8B96-412C-916B-C58BBFBF29C2}.Release|iPhone.ActiveCfg = Release|iPhone
		{14F6D63B-8B96-412C-916B-C58BBFBF29C2}.Release|iPhone.Build.0 = Release|iPhone
		{14F6D63B-8B96-412C-916B-C58BBFBF29C2}.Release|iPhoneSimulator.ActiveCfg = Release|iPhoneSimulator
		{14F6D63B-8B96-412C-916B-C58BBFBF29C2}.Release|iPhoneSimulator.Build.0 = Release|iPhoneSimulator
		{14F6D63B-8B96-412C-916B-C58BBFBF29C2}.Release|x64.ActiveCfg = Release|iPhone
		{14F6D63B-8B96-412C-916B-C58BBFBF29C2}.Release|x86.ActiveCfg = Release|iPhone
		{3E5BD009-EBF1-4DFF-928C-C6ED72E0340C}.Ad-Hoc|Any CPU.ActiveCfg = Release|x86
		{3E5BD009-EBF1-4DFF-928C-C6ED72E0340C}.Ad-Hoc|Any CPU.Build.0 = Release|x86
		{3E5BD009-EBF1-4DFF-928C-C6ED72E0340C}.Ad-Hoc|Any CPU.Deploy.0 = Release|x86
		{3E5BD009-EBF1-4DFF-928C-C6ED72E0340C}.Ad-Hoc|ARM.ActiveCfg = Release|ARM
		{3E5BD009-EBF1-4DFF-928C-C6ED72E0340C}.Ad-Hoc|ARM.Build.0 = Release|ARM
		{3E5BD009-EBF1-4DFF-928C-C6ED72E0340C}.Ad-Hoc|ARM.Deploy.0 = Release|ARM
		{3E5BD009-EBF1-4DFF-928C-C6ED72E0340C}.Ad-Hoc|iPhone.ActiveCfg = Release|x86
		{3E5BD009-EBF1-4DFF-928C-C6ED72E0340C}.Ad-Hoc|iPhone.Build.0 = Release|x86
		{3E5BD009-EBF1-4DFF-928C-C6ED72E0340C}.Ad-Hoc|iPhone.Deploy.0 = Release|x86
		{3E5BD009-EBF1-4DFF-928C-C6ED72E0340C}.Ad-Hoc|iPhoneSimulator.ActiveCfg = Release|x86
		{3E5BD009-EBF1-4DFF-928C-C6ED72E0340C}.Ad-Hoc|iPhoneSimulator.Build.0 = Release|x86
		{3E5BD009-EBF1-4DFF-928C-C6ED72E0340C}.Ad-Hoc|iPhoneSimulator.Deploy.0 = Release|x86
		{3E5BD009-EBF1-4DFF-928C-C6ED72E0340C}.Ad-Hoc|x64.ActiveCfg = Release|x64
		{3E5BD009-EBF1-4DFF-928C-C6ED72E0340C}.Ad-Hoc|x64.Build.0 = Release|x64
		{3E5BD009-EBF1-4DFF-928C-C6ED72E0340C}.Ad-Hoc|x64.Deploy.0 = Release|x64
		{3E5BD009-EBF1-4DFF-928C-C6ED72E0340C}.Ad-Hoc|x86.ActiveCfg = Release|x86
		{3E5BD009-EBF1-4DFF-928C-C6ED72E0340C}.Ad-Hoc|x86.Build.0 = Release|x86
		{3E5BD009-EBF1-4DFF-928C-C6ED72E0340C}.Ad-Hoc|x86.Deploy.0 = Release|x86
		{3E5BD009-EBF1-4DFF-928C-C6ED72E0340C}.AppStore|Any CPU.ActiveCfg = Release|x86
		{3E5BD009-EBF1-4DFF-928C-C6ED72E0340C}.AppStore|Any CPU.Build.0 = Release|x86
		{3E5BD009-EBF1-4DFF-928C-C6ED72E0340C}.AppStore|Any CPU.Deploy.0 = Release|x86
		{3E5BD009-EBF1-4DFF-928C-C6ED72E0340C}.AppStore|ARM.ActiveCfg = Release|ARM
		{3E5BD009-EBF1-4DFF-928C-C6ED72E0340C}.AppStore|ARM.Build.0 = Release|ARM
		{3E5BD009-EBF1-4DFF-928C-C6ED72E0340C}.AppStore|ARM.Deploy.0 = Release|ARM
		{3E5BD009-EBF1-4DFF-928C-C6ED72E0340C}.AppStore|iPhone.ActiveCfg = Release|x86
		{3E5BD009-EBF1-4DFF-928C-C6ED72E0340C}.AppStore|iPhone.Build.0 = Release|x86
		{3E5BD009-EBF1-4DFF-928C-C6ED72E0340C}.AppStore|iPhone.Deploy.0 = Release|x86
		{3E5BD009-EBF1-4DFF-928C-C6ED72E0340C}.AppStore|iPhoneSimulator.ActiveCfg = Release|x86
		{3E5BD009-EBF1-4DFF-928C-C6ED72E0340C}.AppStore|iPhoneSimulator.Build.0 = Release|x86
		{3E5BD009-EBF1-4DFF-928C-C6ED72E0340C}.AppStore|iPhoneSimulator.Deploy.0 = Release|x86
		{3E5BD009-EBF1-4DFF-928C-C6ED72E0340C}.AppStore|x64.ActiveCfg = Release|x64
		{3E5BD009-EBF1-4DFF-928C-C6ED72E0340C}.AppStore|x64.Build.0 = Release|x64
		{3E5BD009-EBF1-4DFF-928C-C6ED72E0340C}.AppStore|x64.Deploy.0 = Release|x64
		{3E5BD009-EBF1-4DFF-928C-C6ED72E0340C}.AppStore|x86.ActiveCfg = Release|x86
		{3E5BD009-EBF1-4DFF-928C-C6ED72E0340C}.AppStore|x86.Build.0 = Release|x86
		{3E5BD009-EBF1-4DFF-928C-C6ED72E0340C}.AppStore|x86.Deploy.0 = Release|x86
		{3E5BD009-EBF1-4DFF-928C-C6ED72E0340C}.Debug|Any CPU.ActiveCfg = Debug|x86
		{3E5BD009-EBF1-4DFF-928C-C6ED72E0340C}.Debug|ARM.ActiveCfg = Debug|ARM
		{3E5BD009-EBF1-4DFF-928C-C6ED72E0340C}.Debug|ARM.Build.0 = Debug|ARM
		{3E5BD009-EBF1-4DFF-928C-C6ED72E0340C}.Debug|ARM.Deploy.0 = Debug|ARM
		{3E5BD009-EBF1-4DFF-928C-C6ED72E0340C}.Debug|iPhone.ActiveCfg = Debug|x86
		{3E5BD009-EBF1-4DFF-928C-C6ED72E0340C}.Debug|iPhoneSimulator.ActiveCfg = Debug|x86
		{3E5BD009-EBF1-4DFF-928C-C6ED72E0340C}.Debug|x64.ActiveCfg = Debug|x64
		{3E5BD009-EBF1-4DFF-928C-C6ED72E0340C}.Debug|x64.Build.0 = Debug|x64
		{3E5BD009-EBF1-4DFF-928C-C6ED72E0340C}.Debug|x64.Deploy.0 = Debug|x64
		{3E5BD009-EBF1-4DFF-928C-C6ED72E0340C}.Debug|x86.ActiveCfg = Debug|x86
		{3E5BD009-EBF1-4DFF-928C-C6ED72E0340C}.Debug|x86.Build.0 = Debug|x86
		{3E5BD009-EBF1-4DFF-928C-C6ED72E0340C}.Debug|x86.Deploy.0 = Debug|x86
		{3E5BD009-EBF1-4DFF-928C-C6ED72E0340C}.Release|Any CPU.ActiveCfg = Release|x86
		{3E5BD009-EBF1-4DFF-928C-C6ED72E0340C}.Release|ARM.ActiveCfg = Release|ARM
		{3E5BD009-EBF1-4DFF-928C-C6ED72E0340C}.Release|ARM.Build.0 = Release|ARM
		{3E5BD009-EBF1-4DFF-928C-C6ED72E0340C}.Release|ARM.Deploy.0 = Release|ARM
		{3E5BD009-EBF1-4DFF-928C-C6ED72E0340C}.Release|iPhone.ActiveCfg = Release|x86
		{3E5BD009-EBF1-4DFF-928C-C6ED72E0340C}.Release|iPhoneSimulator.ActiveCfg = Release|x86
		{3E5BD009-EBF1-4DFF-928C-C6ED72E0340C}.Release|x64.ActiveCfg = Release|x64
		{3E5BD009-EBF1-4DFF-928C-C6ED72E0340C}.Release|x64.Build.0 = Release|x64
		{3E5BD009-EBF1-4DFF-928C-C6ED72E0340C}.Release|x64.Deploy.0 = Release|x64
		{3E5BD009-EBF1-4DFF-928C-C6ED72E0340C}.Release|x86.ActiveCfg = Release|x86
		{3E5BD009-EBF1-4DFF-928C-C6ED72E0340C}.Release|x86.Build.0 = Release|x86
		{3E5BD009-EBF1-4DFF-928C-C6ED72E0340C}.Release|x86.Deploy.0 = Release|x86
	EndGlobalSection
	GlobalSection(SolutionProperties) = preSolution
		HideSolutionNode = FALSE
	EndGlobalSection
	GlobalSection(ExtensibilityGlobals) = postSolution
		SolutionGuid = {2FF77F59-3E11-47D9-802B-B9EB38795888}
	EndGlobalSection
EndGlobal
