
Microsoft Visual Studio Solution File, Format Version 12.00
# Visual Studio 15
VisualStudioVersion = 15.0.27130.2010
MinimumVisualStudioVersion = 10.0.40219.1
Project("{FAE04EC0-301F-11D3-BF4B-00C04F79EFBC}") = "curso11.Android", "curso11\curso11.Android\curso11.Android.csproj", "{97819832-74FB-468D-A1CF-9E75AD4F25AA}"
EndProject
Project("{FAE04EC0-301F-11D3-BF4B-00C04F79EFBC}") = "curso11.iOS", "curso11\curso11.iOS\curso11.iOS.csproj", "{BB6C84AD-5E14-4842-A5F6-8C24C8596650}"
EndProject
Project("{FAE04EC0-301F-11D3-BF4B-00C04F79EFBC}") = "curso11.UWP", "curso11\curso11.UWP\curso11.UWP.csproj", "{09F05124-9760-4FCD-81FC-564EB2979033}"
EndProject
Project("{D954291E-2A0B-460D-934E-DC6B0785DB48}") = "curso11", "curso11\curso11\curso11.shproj", "{362D476C-9E8C-453A-B4D5-A7BA6DD34463}"
EndProject
Global
	GlobalSection(SharedMSBuildProjectFiles) = preSolution
		curso11\curso11\curso11.projitems*{09f05124-9760-4fcd-81fc-564eb2979033}*SharedItemsImports = 4
		curso11\curso11\curso11.projitems*{362d476c-9e8c-453a-b4d5-a7ba6dd34463}*SharedItemsImports = 13
		curso11\curso11\curso11.projitems*{97819832-74fb-468d-a1cf-9e75ad4f25aa}*SharedItemsImports = 4
		curso11\curso11\curso11.projitems*{bb6c84ad-5e14-4842-a5f6-8c24c8596650}*SharedItemsImports = 4
	EndGlobalSection
	GlobalSection(SolutionConfigurationPlatforms) = preSolution
		Ad-Hoc|Any CPU = Ad-Hoc|Any CPU
		Ad-Hoc|ARM = Ad-Hoc|ARM
		Ad-Hoc|iPhone = Ad-Hoc|iPhone
		Ad-Hoc|iPhoneSimulator = Ad-Hoc|iPhoneSimulator
		Ad-Hoc|x64 = Ad-Hoc|x64
		Ad-Hoc|x86 = Ad-Hoc|x86
		AppStore|Any CPU = AppStore|Any CPU
		AppStore|ARM = AppStore|ARM
		AppStore|iPhone = AppStore|iPhone
		AppStore|iPhoneSimulator = AppStore|iPhoneSimulator
		AppStore|x64 = AppStore|x64
		AppStore|x86 = AppStore|x86
		Debug|Any CPU = Debug|Any CPU
		Debug|ARM = Debug|ARM
		Debug|iPhone = Debug|iPhone
		Debug|iPhoneSimulator = Debug|iPhoneSimulator
		Debug|x64 = Debug|x64
		Debug|x86 = Debug|x86
		Release|Any CPU = Release|Any CPU
		Release|ARM = Release|ARM
		Release|iPhone = Release|iPhone
		Release|iPhoneSimulator = Release|iPhoneSimulator
		Release|x64 = Release|x64
		Release|x86 = Release|x86
	EndGlobalSection
	GlobalSection(ProjectConfigurationPlatforms) = postSolution
		{97819832-74FB-468D-A1CF-9E75AD4F25AA}.Ad-Hoc|Any CPU.ActiveCfg = Release|Any CPU
		{97819832-74FB-468D-A1CF-9E75AD4F25AA}.Ad-Hoc|Any CPU.Build.0 = Release|Any CPU
		{97819832-74FB-468D-A1CF-9E75AD4F25AA}.Ad-Hoc|Any CPU.Deploy.0 = Release|Any CPU
		{97819832-74FB-468D-A1CF-9E75AD4F25AA}.Ad-Hoc|ARM.ActiveCfg = Release|Any CPU
		{97819832-74FB-468D-A1CF-9E75AD4F25AA}.Ad-Hoc|ARM.Build.0 = Release|Any CPU
		{97819832-74FB-468D-A1CF-9E75AD4F25AA}.Ad-Hoc|ARM.Deploy.0 = Release|Any CPU
		{97819832-74FB-468D-A1CF-9E75AD4F25AA}.Ad-Hoc|iPhone.ActiveCfg = Release|Any CPU
		{97819832-74FB-468D-A1CF-9E75AD4F25AA}.Ad-Hoc|iPhone.Build.0 = Release|Any CPU
		{97819832-74FB-468D-A1CF-9E75AD4F25AA}.Ad-Hoc|iPhone.Deploy.0 = Release|Any CPU
		{97819832-74FB-468D-A1CF-9E75AD4F25AA}.Ad-Hoc|iPhoneSimulator.ActiveCfg = Release|Any CPU
		{97819832-74FB-468D-A1CF-9E75AD4F25AA}.Ad-Hoc|iPhoneSimulator.Build.0 = Release|Any CPU
		{97819832-74FB-468D-A1CF-9E75AD4F25AA}.Ad-Hoc|iPhoneSimulator.Deploy.0 = Release|Any CPU
		{97819832-74FB-468D-A1CF-9E75AD4F25AA}.Ad-Hoc|x64.ActiveCfg = Release|Any CPU
		{97819832-74FB-468D-A1CF-9E75AD4F25AA}.Ad-Hoc|x64.Build.0 = Release|Any CPU
		{97819832-74FB-468D-A1CF-9E75AD4F25AA}.Ad-Hoc|x64.Deploy.0 = Release|Any CPU
		{97819832-74FB-468D-A1CF-9E75AD4F25AA}.Ad-Hoc|x86.ActiveCfg = Release|Any CPU
		{97819832-74FB-468D-A1CF-9E75AD4F25AA}.Ad-Hoc|x86.Build.0 = Release|Any CPU
		{97819832-74FB-468D-A1CF-9E75AD4F25AA}.Ad-Hoc|x86.Deploy.0 = Release|Any CPU
		{97819832-74FB-468D-A1CF-9E75AD4F25AA}.AppStore|Any CPU.ActiveCfg = Release|Any CPU
		{97819832-74FB-468D-A1CF-9E75AD4F25AA}.AppStore|Any CPU.Build.0 = Release|Any CPU
		{97819832-74FB-468D-A1CF-9E75AD4F25AA}.AppStore|Any CPU.Deploy.0 = Release|Any CPU
		{97819832-74FB-468D-A1CF-9E75AD4F25AA}.AppStore|ARM.ActiveCfg = Release|Any CPU
		{97819832-74FB-468D-A1CF-9E75AD4F25AA}.AppStore|ARM.Build.0 = Release|Any CPU
		{97819832-74FB-468D-A1CF-9E75AD4F25AA}.AppStore|ARM.Deploy.0 = Release|Any CPU
		{97819832-74FB-468D-A1CF-9E75AD4F25AA}.AppStore|iPhone.ActiveCfg = Release|Any CPU
		{97819832-74FB-468D-A1CF-9E75AD4F25AA}.AppStore|iPhone.Build.0 = Release|Any CPU
		{97819832-74FB-468D-A1CF-9E75AD4F25AA}.AppStore|iPhone.Deploy.0 = Release|Any CPU
		{97819832-74FB-468D-A1CF-9E75AD4F25AA}.AppStore|iPhoneSimulator.ActiveCfg = Release|Any CPU
		{97819832-74FB-468D-A1CF-9E75AD4F25AA}.AppStore|iPhoneSimulator.Build.0 = Release|Any CPU
		{97819832-74FB-468D-A1CF-9E75AD4F25AA}.AppStore|iPhoneSimulator.Deploy.0 = Release|Any CPU
		{97819832-74FB-468D-A1CF-9E75AD4F25AA}.AppStore|x64.ActiveCfg = Release|Any CPU
		{97819832-74FB-468D-A1CF-9E75AD4F25AA}.AppStore|x64.Build.0 = Release|Any CPU
		{97819832-74FB-468D-A1CF-9E75AD4F25AA}.AppStore|x64.Deploy.0 = Release|Any CPU
		{97819832-74FB-468D-A1CF-9E75AD4F25AA}.AppStore|x86.ActiveCfg = Release|Any CPU
		{97819832-74FB-468D-A1CF-9E75AD4F25AA}.AppStore|x86.Build.0 = Release|Any CPU
		{97819832-74FB-468D-A1CF-9E75AD4F25AA}.AppStore|x86.Deploy.0 = Release|Any CPU
		{97819832-74FB-468D-A1CF-9E75AD4F25AA}.Debug|Any CPU.ActiveCfg = Debug|Any CPU
		{97819832-74FB-468D-A1CF-9E75AD4F25AA}.Debug|Any CPU.Build.0 = Debug|Any CPU
		{97819832-74FB-468D-A1CF-9E75AD4F25AA}.Debug|Any CPU.Deploy.0 = Debug|Any CPU
		{97819832-74FB-468D-A1CF-9E75AD4F25AA}.Debug|ARM.ActiveCfg = Debug|Any CPU
		{97819832-74FB-468D-A1CF-9E75AD4F25AA}.Debug|ARM.Build.0 = Debug|Any CPU
		{97819832-74FB-468D-A1CF-9E75AD4F25AA}.Debug|ARM.Deploy.0 = Debug|Any CPU
		{97819832-74FB-468D-A1CF-9E75AD4F25AA}.Debug|iPhone.ActiveCfg = Debug|Any CPU
		{97819832-74FB-468D-A1CF-9E75AD4F25AA}.Debug|iPhone.Build.0 = Debug|Any CPU
		{97819832-74FB-468D-A1CF-9E75AD4F25AA}.Debug|iPhone.Deploy.0 = Debug|Any CPU
		{97819832-74FB-468D-A1CF-9E75AD4F25AA}.Debug|iPhoneSimulator.ActiveCfg = Debug|Any CPU
		{97819832-74FB-468D-A1CF-9E75AD4F25AA}.Debug|iPhoneSimulator.Build.0 = Debug|Any CPU
		{97819832-74FB-468D-A1CF-9E75AD4F25AA}.Debug|iPhoneSimulator.Deploy.0 = Debug|Any CPU
		{97819832-74FB-468D-A1CF-9E75AD4F25AA}.Debug|x64.ActiveCfg = Debug|Any CPU
		{97819832-74FB-468D-A1CF-9E75AD4F25AA}.Debug|x64.Build.0 = Debug|Any CPU
		{97819832-74FB-468D-A1CF-9E75AD4F25AA}.Debug|x64.Deploy.0 = Debug|Any CPU
		{97819832-74FB-468D-A1CF-9E75AD4F25AA}.Debug|x86.ActiveCfg = Debug|Any CPU
		{97819832-74FB-468D-A1CF-9E75AD4F25AA}.Debug|x86.Build.0 = Debug|Any CPU
		{97819832-74FB-468D-A1CF-9E75AD4F25AA}.Debug|x86.Deploy.0 = Debug|Any CPU
		{97819832-74FB-468D-A1CF-9E75AD4F25AA}.Release|Any CPU.ActiveCfg = Release|Any CPU
		{97819832-74FB-468D-A1CF-9E75AD4F25AA}.Release|Any CPU.Build.0 = Release|Any CPU
		{97819832-74FB-468D-A1CF-9E75AD4F25AA}.Release|Any CPU.Deploy.0 = Release|Any CPU
		{97819832-74FB-468D-A1CF-9E75AD4F25AA}.Release|ARM.ActiveCfg = Release|Any CPU
		{97819832-74FB-468D-A1CF-9E75AD4F25AA}.Release|ARM.Build.0 = Release|Any CPU
		{97819832-74FB-468D-A1CF-9E75AD4F25AA}.Release|ARM.Deploy.0 = Release|Any CPU
		{97819832-74FB-468D-A1CF-9E75AD4F25AA}.Release|iPhone.ActiveCfg = Release|Any CPU
		{97819832-74FB-468D-A1CF-9E75AD4F25AA}.Release|iPhone.Build.0 = Release|Any CPU
		{97819832-74FB-468D-A1CF-9E75AD4F25AA}.Release|iPhone.Deploy.0 = Release|Any CPU
		{97819832-74FB-468D-A1CF-9E75AD4F25AA}.Release|iPhoneSimulator.ActiveCfg = Release|Any CPU
		{97819832-74FB-468D-A1CF-9E75AD4F25AA}.Release|iPhoneSimulator.Build.0 = Release|Any CPU
		{97819832-74FB-468D-A1CF-9E75AD4F25AA}.Release|iPhoneSimulator.Deploy.0 = Release|Any CPU
		{97819832-74FB-468D-A1CF-9E75AD4F25AA}.Release|x64.ActiveCfg = Release|Any CPU
		{97819832-74FB-468D-A1CF-9E75AD4F25AA}.Release|x64.Build.0 = Release|Any CPU
		{97819832-74FB-468D-A1CF-9E75AD4F25AA}.Release|x64.Deploy.0 = Release|Any CPU
		{97819832-74FB-468D-A1CF-9E75AD4F25AA}.Release|x86.ActiveCfg = Release|Any CPU
		{97819832-74FB-468D-A1CF-9E75AD4F25AA}.Release|x86.Build.0 = Release|Any CPU
		{97819832-74FB-468D-A1CF-9E75AD4F25AA}.Release|x86.Deploy.0 = Release|Any CPU
		{BB6C84AD-5E14-4842-A5F6-8C24C8596650}.Ad-Hoc|Any CPU.ActiveCfg = Ad-Hoc|iPhone
		{BB6C84AD-5E14-4842-A5F6-8C24C8596650}.Ad-Hoc|ARM.ActiveCfg = Ad-Hoc|iPhone
		{BB6C84AD-5E14-4842-A5F6-8C24C8596650}.Ad-Hoc|iPhone.ActiveCfg = Ad-Hoc|iPhone
		{BB6C84AD-5E14-4842-A5F6-8C24C8596650}.Ad-Hoc|iPhone.Build.0 = Ad-Hoc|iPhone
		{BB6C84AD-5E14-4842-A5F6-8C24C8596650}.Ad-Hoc|iPhoneSimulator.ActiveCfg = Ad-Hoc|iPhoneSimulator
		{BB6C84AD-5E14-4842-A5F6-8C24C8596650}.Ad-Hoc|iPhoneSimulator.Build.0 = Ad-Hoc|iPhoneSimulator
		{BB6C84AD-5E14-4842-A5F6-8C24C8596650}.Ad-Hoc|x64.ActiveCfg = Ad-Hoc|iPhone
		{BB6C84AD-5E14-4842-A5F6-8C24C8596650}.Ad-Hoc|x86.ActiveCfg = Ad-Hoc|iPhone
		{BB6C84AD-5E14-4842-A5F6-8C24C8596650}.AppStore|Any CPU.ActiveCfg = AppStore|iPhone
		{BB6C84AD-5E14-4842-A5F6-8C24C8596650}.AppStore|ARM.ActiveCfg = AppStore|iPhone
		{BB6C84AD-5E14-4842-A5F6-8C24C8596650}.AppStore|iPhone.ActiveCfg = AppStore|iPhone
		{BB6C84AD-5E14-4842-A5F6-8C24C8596650}.AppStore|iPhone.Build.0 = AppStore|iPhone
		{BB6C84AD-5E14-4842-A5F6-8C24C8596650}.AppStore|iPhoneSimulator.ActiveCfg = AppStore|iPhoneSimulator
		{BB6C84AD-5E14-4842-A5F6-8C24C8596650}.AppStore|iPhoneSimulator.Build.0 = AppStore|iPhoneSimulator
		{BB6C84AD-5E14-4842-A5F6-8C24C8596650}.AppStore|x64.ActiveCfg = AppStore|iPhone
		{BB6C84AD-5E14-4842-A5F6-8C24C8596650}.AppStore|x86.ActiveCfg = AppStore|iPhone
		{BB6C84AD-5E14-4842-A5F6-8C24C8596650}.Debug|Any CPU.ActiveCfg = Debug|iPhone
		{BB6C84AD-5E14-4842-A5F6-8C24C8596650}.Debug|ARM.ActiveCfg = Debug|iPhone
		{BB6C84AD-5E14-4842-A5F6-8C24C8596650}.Debug|iPhone.ActiveCfg = Debug|iPhone
		{BB6C84AD-5E14-4842-A5F6-8C24C8596650}.Debug|iPhone.Build.0 = Debug|iPhone
		{BB6C84AD-5E14-4842-A5F6-8C24C8596650}.Debug|iPhoneSimulator.ActiveCfg = Debug|iPhoneSimulator
		{BB6C84AD-5E14-4842-A5F6-8C24C8596650}.Debug|iPhoneSimulator.Build.0 = Debug|iPhoneSimulator
		{BB6C84AD-5E14-4842-A5F6-8C24C8596650}.Debug|x64.ActiveCfg = Debug|iPhone
		{BB6C84AD-5E14-4842-A5F6-8C24C8596650}.Debug|x86.ActiveCfg = Debug|iPhone
		{BB6C84AD-5E14-4842-A5F6-8C24C8596650}.Release|Any CPU.ActiveCfg = Release|iPhone
		{BB6C84AD-5E14-4842-A5F6-8C24C8596650}.Release|ARM.ActiveCfg = Release|iPhone
		{BB6C84AD-5E14-4842-A5F6-8C24C8596650}.Release|iPhone.ActiveCfg = Release|iPhone
		{BB6C84AD-5E14-4842-A5F6-8C24C8596650}.Release|iPhone.Build.0 = Release|iPhone
		{BB6C84AD-5E14-4842-A5F6-8C24C8596650}.Release|iPhoneSimulator.ActiveCfg = Release|iPhoneSimulator
		{BB6C84AD-5E14-4842-A5F6-8C24C8596650}.Release|iPhoneSimulator.Build.0 = Release|iPhoneSimulator
		{BB6C84AD-5E14-4842-A5F6-8C24C8596650}.Release|x64.ActiveCfg = Release|iPhone
		{BB6C84AD-5E14-4842-A5F6-8C24C8596650}.Release|x86.ActiveCfg = Release|iPhone
		{09F05124-9760-4FCD-81FC-564EB2979033}.Ad-Hoc|Any CPU.ActiveCfg = Release|x86
		{09F05124-9760-4FCD-81FC-564EB2979033}.Ad-Hoc|Any CPU.Build.0 = Release|x86
		{09F05124-9760-4FCD-81FC-564EB2979033}.Ad-Hoc|Any CPU.Deploy.0 = Release|x86
		{09F05124-9760-4FCD-81FC-564EB2979033}.Ad-Hoc|ARM.ActiveCfg = Release|ARM
		{09F05124-9760-4FCD-81FC-564EB2979033}.Ad-Hoc|ARM.Build.0 = Release|ARM
		{09F05124-9760-4FCD-81FC-564EB2979033}.Ad-Hoc|ARM.Deploy.0 = Release|ARM
		{09F05124-9760-4FCD-81FC-564EB2979033}.Ad-Hoc|iPhone.ActiveCfg = Release|x86
		{09F05124-9760-4FCD-81FC-564EB2979033}.Ad-Hoc|iPhone.Build.0 = Release|x86
		{09F05124-9760-4FCD-81FC-564EB2979033}.Ad-Hoc|iPhone.Deploy.0 = Release|x86
		{09F05124-9760-4FCD-81FC-564EB2979033}.Ad-Hoc|iPhoneSimulator.ActiveCfg = Release|x86
		{09F05124-9760-4FCD-81FC-564EB2979033}.Ad-Hoc|iPhoneSimulator.Build.0 = Release|x86
		{09F05124-9760-4FCD-81FC-564EB2979033}.Ad-Hoc|iPhoneSimulator.Deploy.0 = Release|x86
		{09F05124-9760-4FCD-81FC-564EB2979033}.Ad-Hoc|x64.ActiveCfg = Release|x64
		{09F05124-9760-4FCD-81FC-564EB2979033}.Ad-Hoc|x64.Build.0 = Release|x64
		{09F05124-9760-4FCD-81FC-564EB2979033}.Ad-Hoc|x64.Deploy.0 = Release|x64
		{09F05124-9760-4FCD-81FC-564EB2979033}.Ad-Hoc|x86.ActiveCfg = Release|x86
		{09F05124-9760-4FCD-81FC-564EB2979033}.Ad-Hoc|x86.Build.0 = Release|x86
		{09F05124-9760-4FCD-81FC-564EB2979033}.Ad-Hoc|x86.Deploy.0 = Release|x86
		{09F05124-9760-4FCD-81FC-564EB2979033}.AppStore|Any CPU.ActiveCfg = Release|x86
		{09F05124-9760-4FCD-81FC-564EB2979033}.AppStore|Any CPU.Build.0 = Release|x86
		{09F05124-9760-4FCD-81FC-564EB2979033}.AppStore|Any CPU.Deploy.0 = Release|x86
		{09F05124-9760-4FCD-81FC-564EB2979033}.AppStore|ARM.ActiveCfg = Release|ARM
		{09F05124-9760-4FCD-81FC-564EB2979033}.AppStore|ARM.Build.0 = Release|ARM
		{09F05124-9760-4FCD-81FC-564EB2979033}.AppStore|ARM.Deploy.0 = Release|ARM
		{09F05124-9760-4FCD-81FC-564EB2979033}.AppStore|iPhone.ActiveCfg = Release|x86
		{09F05124-9760-4FCD-81FC-564EB2979033}.AppStore|iPhone.Build.0 = Release|x86
		{09F05124-9760-4FCD-81FC-564EB2979033}.AppStore|iPhone.Deploy.0 = Release|x86
		{09F05124-9760-4FCD-81FC-564EB2979033}.AppStore|iPhoneSimulator.ActiveCfg = Release|x86
		{09F05124-9760-4FCD-81FC-564EB2979033}.AppStore|iPhoneSimulator.Build.0 = Release|x86
		{09F05124-9760-4FCD-81FC-564EB2979033}.AppStore|iPhoneSimulator.Deploy.0 = Release|x86
		{09F05124-9760-4FCD-81FC-564EB2979033}.AppStore|x64.ActiveCfg = Release|x64
		{09F05124-9760-4FCD-81FC-564EB2979033}.AppStore|x64.Build.0 = Release|x64
		{09F05124-9760-4FCD-81FC-564EB2979033}.AppStore|x64.Deploy.0 = Release|x64
		{09F05124-9760-4FCD-81FC-564EB2979033}.AppStore|x86.ActiveCfg = Release|x86
		{09F05124-9760-4FCD-81FC-564EB2979033}.AppStore|x86.Build.0 = Release|x86
		{09F05124-9760-4FCD-81FC-564EB2979033}.AppStore|x86.Deploy.0 = Release|x86
		{09F05124-9760-4FCD-81FC-564EB2979033}.Debug|Any CPU.ActiveCfg = Debug|x86
		{09F05124-9760-4FCD-81FC-564EB2979033}.Debug|ARM.ActiveCfg = Debug|ARM
		{09F05124-9760-4FCD-81FC-564EB2979033}.Debug|ARM.Build.0 = Debug|ARM
		{09F05124-9760-4FCD-81FC-564EB2979033}.Debug|ARM.Deploy.0 = Debug|ARM
		{09F05124-9760-4FCD-81FC-564EB2979033}.Debug|iPhone.ActiveCfg = Debug|x86
		{09F05124-9760-4FCD-81FC-564EB2979033}.Debug|iPhoneSimulator.ActiveCfg = Debug|x86
		{09F05124-9760-4FCD-81FC-564EB2979033}.Debug|x64.ActiveCfg = Debug|x64
		{09F05124-9760-4FCD-81FC-564EB2979033}.Debug|x64.Build.0 = Debug|x64
		{09F05124-9760-4FCD-81FC-564EB2979033}.Debug|x64.Deploy.0 = Debug|x64
		{09F05124-9760-4FCD-81FC-564EB2979033}.Debug|x86.ActiveCfg = Debug|x86
		{09F05124-9760-4FCD-81FC-564EB2979033}.Debug|x86.Build.0 = Debug|x86
		{09F05124-9760-4FCD-81FC-564EB2979033}.Debug|x86.Deploy.0 = Debug|x86
		{09F05124-9760-4FCD-81FC-564EB2979033}.Release|Any CPU.ActiveCfg = Release|x86
		{09F05124-9760-4FCD-81FC-564EB2979033}.Release|ARM.ActiveCfg = Release|ARM
		{09F05124-9760-4FCD-81FC-564EB2979033}.Release|ARM.Build.0 = Release|ARM
		{09F05124-9760-4FCD-81FC-564EB2979033}.Release|ARM.Deploy.0 = Release|ARM
		{09F05124-9760-4FCD-81FC-564EB2979033}.Release|iPhone.ActiveCfg = Release|x86
		{09F05124-9760-4FCD-81FC-564EB2979033}.Release|iPhoneSimulator.ActiveCfg = Release|x86
		{09F05124-9760-4FCD-81FC-564EB2979033}.Release|x64.ActiveCfg = Release|x64
		{09F05124-9760-4FCD-81FC-564EB2979033}.Release|x64.Build.0 = Release|x64
		{09F05124-9760-4FCD-81FC-564EB2979033}.Release|x64.Deploy.0 = Release|x64
		{09F05124-9760-4FCD-81FC-564EB2979033}.Release|x86.ActiveCfg = Release|x86
		{09F05124-9760-4FCD-81FC-564EB2979033}.Release|x86.Build.0 = Release|x86
		{09F05124-9760-4FCD-81FC-564EB2979033}.Release|x86.Deploy.0 = Release|x86
	EndGlobalSection
	GlobalSection(SolutionProperties) = preSolution
		HideSolutionNode = FALSE
	EndGlobalSection
	GlobalSection(ExtensibilityGlobals) = postSolution
		SolutionGuid = {C90F4257-482D-41D9-9786-AB0405EB7D31}
	EndGlobalSection
EndGlobal
