
Microsoft Visual Studio Solution File, Format Version 12.00
# Visual Studio 15
VisualStudioVersion = 15.0.27130.2010
MinimumVisualStudioVersion = 10.0.40219.1
Project("{FAE04EC0-301F-11D3-BF4B-00C04F79EFBC}") = "curso7_Calculadora.Android", "curso7_Calculadora\curso7_Calculadora.Android\curso7_Calculadora.Android.csproj", "{2C9452F9-97B4-4646-A791-C4E2B9E57F2E}"
EndProject
Project("{FAE04EC0-301F-11D3-BF4B-00C04F79EFBC}") = "curso7_Calculadora.iOS", "curso7_Calculadora\curso7_Calculadora.iOS\curso7_Calculadora.iOS.csproj", "{AC51F35D-C33B-4158-B1B5-A343AC903C83}"
EndProject
Project("{FAE04EC0-301F-11D3-BF4B-00C04F79EFBC}") = "curso7_Calculadora.UWP", "curso7_Calculadora\curso7_Calculadora.UWP\curso7_Calculadora.UWP.csproj", "{CEB8A4B9-508F-402E-ACA7-F1894B5CD2BD}"
EndProject
Project("{D954291E-2A0B-460D-934E-DC6B0785DB48}") = "curso7_Calculadora", "curso7_Calculadora\curso7_Calculadora\curso7_Calculadora.shproj", "{0C505B73-61DE-458D-B16B-D1927A55DB41}"
EndProject
Global
	GlobalSection(SharedMSBuildProjectFiles) = preSolution
		curso7_Calculadora\curso7_Calculadora\curso7_Calculadora.projitems*{0c505b73-61de-458d-b16b-d1927a55db41}*SharedItemsImports = 13
		curso7_Calculadora\curso7_Calculadora\curso7_Calculadora.projitems*{2c9452f9-97b4-4646-a791-c4e2b9e57f2e}*SharedItemsImports = 4
		curso7_Calculadora\curso7_Calculadora\curso7_Calculadora.projitems*{ac51f35d-c33b-4158-b1b5-a343ac903c83}*SharedItemsImports = 4
		curso7_Calculadora\curso7_Calculadora\curso7_Calculadora.projitems*{ceb8a4b9-508f-402e-aca7-f1894b5cd2bd}*SharedItemsImports = 4
	EndGlobalSection
	GlobalSection(SolutionConfigurationPlatforms) = preSolution
		Ad-Hoc|Any CPU = Ad-Hoc|Any CPU
		Ad-Hoc|ARM = Ad-Hoc|ARM
		Ad-Hoc|iPhone = Ad-Hoc|iPhone
		Ad-Hoc|iPhoneSimulator = Ad-Hoc|iPhoneSimulator
		Ad-Hoc|x64 = Ad-Hoc|x64
		Ad-Hoc|x86 = Ad-Hoc|x86
		AppStore|Any CPU = AppStore|Any CPU
		AppStore|ARM = AppStore|ARM
		AppStore|iPhone = AppStore|iPhone
		AppStore|iPhoneSimulator = AppStore|iPhoneSimulator
		AppStore|x64 = AppStore|x64
		AppStore|x86 = AppStore|x86
		Debug|Any CPU = Debug|Any CPU
		Debug|ARM = Debug|ARM
		Debug|iPhone = Debug|iPhone
		Debug|iPhoneSimulator = Debug|iPhoneSimulator
		Debug|x64 = Debug|x64
		Debug|x86 = Debug|x86
		Release|Any CPU = Release|Any CPU
		Release|ARM = Release|ARM
		Release|iPhone = Release|iPhone
		Release|iPhoneSimulator = Release|iPhoneSimulator
		Release|x64 = Release|x64
		Release|x86 = Release|x86
	EndGlobalSection
	GlobalSection(ProjectConfigurationPlatforms) = postSolution
		{2C9452F9-97B4-4646-A791-C4E2B9E57F2E}.Ad-Hoc|Any CPU.ActiveCfg = Release|Any CPU
		{2C9452F9-97B4-4646-A791-C4E2B9E57F2E}.Ad-Hoc|Any CPU.Build.0 = Release|Any CPU
		{2C9452F9-97B4-4646-A791-C4E2B9E57F2E}.Ad-Hoc|Any CPU.Deploy.0 = Release|Any CPU
		{2C9452F9-97B4-4646-A791-C4E2B9E57F2E}.Ad-Hoc|ARM.ActiveCfg = Release|Any CPU
		{2C9452F9-97B4-4646-A791-C4E2B9E57F2E}.Ad-Hoc|ARM.Build.0 = Release|Any CPU
		{2C9452F9-97B4-4646-A791-C4E2B9E57F2E}.Ad-Hoc|ARM.Deploy.0 = Release|Any CPU
		{2C9452F9-97B4-4646-A791-C4E2B9E57F2E}.Ad-Hoc|iPhone.ActiveCfg = Release|Any CPU
		{2C9452F9-97B4-4646-A791-C4E2B9E57F2E}.Ad-Hoc|iPhone.Build.0 = Release|Any CPU
		{2C9452F9-97B4-4646-A791-C4E2B9E57F2E}.Ad-Hoc|iPhone.Deploy.0 = Release|Any CPU
		{2C9452F9-97B4-4646-A791-C4E2B9E57F2E}.Ad-Hoc|iPhoneSimulator.ActiveCfg = Release|Any CPU
		{2C9452F9-97B4-4646-A791-C4E2B9E57F2E}.Ad-Hoc|iPhoneSimulator.Build.0 = Release|Any CPU
		{2C9452F9-97B4-4646-A791-C4E2B9E57F2E}.Ad-Hoc|iPhoneSimulator.Deploy.0 = Release|Any CPU
		{2C9452F9-97B4-4646-A791-C4E2B9E57F2E}.Ad-Hoc|x64.ActiveCfg = Release|Any CPU
		{2C9452F9-97B4-4646-A791-C4E2B9E57F2E}.Ad-Hoc|x64.Build.0 = Release|Any CPU
		{2C9452F9-97B4-4646-A791-C4E2B9E57F2E}.Ad-Hoc|x64.Deploy.0 = Release|Any CPU
		{2C9452F9-97B4-4646-A791-C4E2B9E57F2E}.Ad-Hoc|x86.ActiveCfg = Release|Any CPU
		{2C9452F9-97B4-4646-A791-C4E2B9E57F2E}.Ad-Hoc|x86.Build.0 = Release|Any CPU
		{2C9452F9-97B4-4646-A791-C4E2B9E57F2E}.Ad-Hoc|x86.Deploy.0 = Release|Any CPU
		{2C9452F9-97B4-4646-A791-C4E2B9E57F2E}.AppStore|Any CPU.ActiveCfg = Release|Any CPU
		{2C9452F9-97B4-4646-A791-C4E2B9E57F2E}.AppStore|Any CPU.Build.0 = Release|Any CPU
		{2C9452F9-97B4-4646-A791-C4E2B9E57F2E}.AppStore|Any CPU.Deploy.0 = Release|Any CPU
		{2C9452F9-97B4-4646-A791-C4E2B9E57F2E}.AppStore|ARM.ActiveCfg = Release|Any CPU
		{2C9452F9-97B4-4646-A791-C4E2B9E57F2E}.AppStore|ARM.Build.0 = Release|Any CPU
		{2C9452F9-97B4-4646-A791-C4E2B9E57F2E}.AppStore|ARM.Deploy.0 = Release|Any CPU
		{2C9452F9-97B4-4646-A791-C4E2B9E57F2E}.AppStore|iPhone.ActiveCfg = Release|Any CPU
		{2C9452F9-97B4-4646-A791-C4E2B9E57F2E}.AppStore|iPhone.Build.0 = Release|Any CPU
		{2C9452F9-97B4-4646-A791-C4E2B9E57F2E}.AppStore|iPhone.Deploy.0 = Release|Any CPU
		{2C9452F9-97B4-4646-A791-C4E2B9E57F2E}.AppStore|iPhoneSimulator.ActiveCfg = Release|Any CPU
		{2C9452F9-97B4-4646-A791-C4E2B9E57F2E}.AppStore|iPhoneSimulator.Build.0 = Release|Any CPU
		{2C9452F9-97B4-4646-A791-C4E2B9E57F2E}.AppStore|iPhoneSimulator.Deploy.0 = Release|Any CPU
		{2C9452F9-97B4-4646-A791-C4E2B9E57F2E}.AppStore|x64.ActiveCfg = Release|Any CPU
		{2C9452F9-97B4-4646-A791-C4E2B9E57F2E}.AppStore|x64.Build.0 = Release|Any CPU
		{2C9452F9-97B4-4646-A791-C4E2B9E57F2E}.AppStore|x64.Deploy.0 = Release|Any CPU
		{2C9452F9-97B4-4646-A791-C4E2B9E57F2E}.AppStore|x86.ActiveCfg = Release|Any CPU
		{2C9452F9-97B4-4646-A791-C4E2B9E57F2E}.AppStore|x86.Build.0 = Release|Any CPU
		{2C9452F9-97B4-4646-A791-C4E2B9E57F2E}.AppStore|x86.Deploy.0 = Release|Any CPU
		{2C9452F9-97B4-4646-A791-C4E2B9E57F2E}.Debug|Any CPU.ActiveCfg = Debug|Any CPU
		{2C9452F9-97B4-4646-A791-C4E2B9E57F2E}.Debug|Any CPU.Build.0 = Debug|Any CPU
		{2C9452F9-97B4-4646-A791-C4E2B9E57F2E}.Debug|Any CPU.Deploy.0 = Debug|Any CPU
		{2C9452F9-97B4-4646-A791-C4E2B9E57F2E}.Debug|ARM.ActiveCfg = Debug|Any CPU
		{2C9452F9-97B4-4646-A791-C4E2B9E57F2E}.Debug|ARM.Build.0 = Debug|Any CPU
		{2C9452F9-97B4-4646-A791-C4E2B9E57F2E}.Debug|ARM.Deploy.0 = Debug|Any CPU
		{2C9452F9-97B4-4646-A791-C4E2B9E57F2E}.Debug|iPhone.ActiveCfg = Debug|Any CPU
		{2C9452F9-97B4-4646-A791-C4E2B9E57F2E}.Debug|iPhone.Build.0 = Debug|Any CPU
		{2C9452F9-97B4-4646-A791-C4E2B9E57F2E}.Debug|iPhone.Deploy.0 = Debug|Any CPU
		{2C9452F9-97B4-4646-A791-C4E2B9E57F2E}.Debug|iPhoneSimulator.ActiveCfg = Debug|Any CPU
		{2C9452F9-97B4-4646-A791-C4E2B9E57F2E}.Debug|iPhoneSimulator.Build.0 = Debug|Any CPU
		{2C9452F9-97B4-4646-A791-C4E2B9E57F2E}.Debug|iPhoneSimulator.Deploy.0 = Debug|Any CPU
		{2C9452F9-97B4-4646-A791-C4E2B9E57F2E}.Debug|x64.ActiveCfg = Debug|Any CPU
		{2C9452F9-97B4-4646-A791-C4E2B9E57F2E}.Debug|x64.Build.0 = Debug|Any CPU
		{2C9452F9-97B4-4646-A791-C4E2B9E57F2E}.Debug|x64.Deploy.0 = Debug|Any CPU
		{2C9452F9-97B4-4646-A791-C4E2B9E57F2E}.Debug|x86.ActiveCfg = Debug|Any CPU
		{2C9452F9-97B4-4646-A791-C4E2B9E57F2E}.Debug|x86.Build.0 = Debug|Any CPU
		{2C9452F9-97B4-4646-A791-C4E2B9E57F2E}.Debug|x86.Deploy.0 = Debug|Any CPU
		{2C9452F9-97B4-4646-A791-C4E2B9E57F2E}.Release|Any CPU.ActiveCfg = Release|Any CPU
		{2C9452F9-97B4-4646-A791-C4E2B9E57F2E}.Release|Any CPU.Build.0 = Release|Any CPU
		{2C9452F9-97B4-4646-A791-C4E2B9E57F2E}.Release|Any CPU.Deploy.0 = Release|Any CPU
		{2C9452F9-97B4-4646-A791-C4E2B9E57F2E}.Release|ARM.ActiveCfg = Release|Any CPU
		{2C9452F9-97B4-4646-A791-C4E2B9E57F2E}.Release|ARM.Build.0 = Release|Any CPU
		{2C9452F9-97B4-4646-A791-C4E2B9E57F2E}.Release|ARM.Deploy.0 = Release|Any CPU
		{2C9452F9-97B4-4646-A791-C4E2B9E57F2E}.Release|iPhone.ActiveCfg = Release|Any CPU
		{2C9452F9-97B4-4646-A791-C4E2B9E57F2E}.Release|iPhone.Build.0 = Release|Any CPU
		{2C9452F9-97B4-4646-A791-C4E2B9E57F2E}.Release|iPhone.Deploy.0 = Release|Any CPU
		{2C9452F9-97B4-4646-A791-C4E2B9E57F2E}.Release|iPhoneSimulator.ActiveCfg = Release|Any CPU
		{2C9452F9-97B4-4646-A791-C4E2B9E57F2E}.Release|iPhoneSimulator.Build.0 = Release|Any CPU
		{2C9452F9-97B4-4646-A791-C4E2B9E57F2E}.Release|iPhoneSimulator.Deploy.0 = Release|Any CPU
		{2C9452F9-97B4-4646-A791-C4E2B9E57F2E}.Release|x64.ActiveCfg = Release|Any CPU
		{2C9452F9-97B4-4646-A791-C4E2B9E57F2E}.Release|x64.Build.0 = Release|Any CPU
		{2C9452F9-97B4-4646-A791-C4E2B9E57F2E}.Release|x64.Deploy.0 = Release|Any CPU
		{2C9452F9-97B4-4646-A791-C4E2B9E57F2E}.Release|x86.ActiveCfg = Release|Any CPU
		{2C9452F9-97B4-4646-A791-C4E2B9E57F2E}.Release|x86.Build.0 = Release|Any CPU
		{2C9452F9-97B4-4646-A791-C4E2B9E57F2E}.Release|x86.Deploy.0 = Release|Any CPU
		{AC51F35D-C33B-4158-B1B5-A343AC903C83}.Ad-Hoc|Any CPU.ActiveCfg = Ad-Hoc|iPhone
		{AC51F35D-C33B-4158-B1B5-A343AC903C83}.Ad-Hoc|ARM.ActiveCfg = Ad-Hoc|iPhone
		{AC51F35D-C33B-4158-B1B5-A343AC903C83}.Ad-Hoc|iPhone.ActiveCfg = Ad-Hoc|iPhone
		{AC51F35D-C33B-4158-B1B5-A343AC903C83}.Ad-Hoc|iPhone.Build.0 = Ad-Hoc|iPhone
		{AC51F35D-C33B-4158-B1B5-A343AC903C83}.Ad-Hoc|iPhoneSimulator.ActiveCfg = Ad-Hoc|iPhoneSimulator
		{AC51F35D-C33B-4158-B1B5-A343AC903C83}.Ad-Hoc|iPhoneSimulator.Build.0 = Ad-Hoc|iPhoneSimulator
		{AC51F35D-C33B-4158-B1B5-A343AC903C83}.Ad-Hoc|x64.ActiveCfg = Ad-Hoc|iPhone
		{AC51F35D-C33B-4158-B1B5-A343AC903C83}.Ad-Hoc|x86.ActiveCfg = Ad-Hoc|iPhone
		{AC51F35D-C33B-4158-B1B5-A343AC903C83}.AppStore|Any CPU.ActiveCfg = AppStore|iPhone
		{AC51F35D-C33B-4158-B1B5-A343AC903C83}.AppStore|ARM.ActiveCfg = AppStore|iPhone
		{AC51F35D-C33B-4158-B1B5-A343AC903C83}.AppStore|iPhone.ActiveCfg = AppStore|iPhone
		{AC51F35D-C33B-4158-B1B5-A343AC903C83}.AppStore|iPhone.Build.0 = AppStore|iPhone
		{AC51F35D-C33B-4158-B1B5-A343AC903C83}.AppStore|iPhoneSimulator.ActiveCfg = AppStore|iPhoneSimulator
		{AC51F35D-C33B-4158-B1B5-A343AC903C83}.AppStore|iPhoneSimulator.Build.0 = AppStore|iPhoneSimulator
		{AC51F35D-C33B-4158-B1B5-A343AC903C83}.AppStore|x64.ActiveCfg = AppStore|iPhone
		{AC51F35D-C33B-4158-B1B5-A343AC903C83}.AppStore|x86.ActiveCfg = AppStore|iPhone
		{AC51F35D-C33B-4158-B1B5-A343AC903C83}.Debug|Any CPU.ActiveCfg = Debug|iPhone
		{AC51F35D-C33B-4158-B1B5-A343AC903C83}.Debug|ARM.ActiveCfg = Debug|iPhone
		{AC51F35D-C33B-4158-B1B5-A343AC903C83}.Debug|iPhone.ActiveCfg = Debug|iPhone
		{AC51F35D-C33B-4158-B1B5-A343AC903C83}.Debug|iPhone.Build.0 = Debug|iPhone
		{AC51F35D-C33B-4158-B1B5-A343AC903C83}.Debug|iPhoneSimulator.ActiveCfg = Debug|iPhoneSimulator
		{AC51F35D-C33B-4158-B1B5-A343AC903C83}.Debug|iPhoneSimulator.Build.0 = Debug|iPhoneSimulator
		{AC51F35D-C33B-4158-B1B5-A343AC903C83}.Debug|x64.ActiveCfg = Debug|iPhone
		{AC51F35D-C33B-4158-B1B5-A343AC903C83}.Debug|x86.ActiveCfg = Debug|iPhone
		{AC51F35D-C33B-4158-B1B5-A343AC903C83}.Release|Any CPU.ActiveCfg = Release|iPhone
		{AC51F35D-C33B-4158-B1B5-A343AC903C83}.Release|ARM.ActiveCfg = Release|iPhone
		{AC51F35D-C33B-4158-B1B5-A343AC903C83}.Release|iPhone.ActiveCfg = Release|iPhone
		{AC51F35D-C33B-4158-B1B5-A343AC903C83}.Release|iPhone.Build.0 = Release|iPhone
		{AC51F35D-C33B-4158-B1B5-A343AC903C83}.Release|iPhoneSimulator.ActiveCfg = Release|iPhoneSimulator
		{AC51F35D-C33B-4158-B1B5-A343AC903C83}.Release|iPhoneSimulator.Build.0 = Release|iPhoneSimulator
		{AC51F35D-C33B-4158-B1B5-A343AC903C83}.Release|x64.ActiveCfg = Release|iPhone
		{AC51F35D-C33B-4158-B1B5-A343AC903C83}.Release|x86.ActiveCfg = Release|iPhone
		{CEB8A4B9-508F-402E-ACA7-F1894B5CD2BD}.Ad-Hoc|Any CPU.ActiveCfg = Release|x86
		{CEB8A4B9-508F-402E-ACA7-F1894B5CD2BD}.Ad-Hoc|Any CPU.Build.0 = Release|x86
		{CEB8A4B9-508F-402E-ACA7-F1894B5CD2BD}.Ad-Hoc|Any CPU.Deploy.0 = Release|x86
		{CEB8A4B9-508F-402E-ACA7-F1894B5CD2BD}.Ad-Hoc|ARM.ActiveCfg = Release|ARM
		{CEB8A4B9-508F-402E-ACA7-F1894B5CD2BD}.Ad-Hoc|ARM.Build.0 = Release|ARM
		{CEB8A4B9-508F-402E-ACA7-F1894B5CD2BD}.Ad-Hoc|ARM.Deploy.0 = Release|ARM
		{CEB8A4B9-508F-402E-ACA7-F1894B5CD2BD}.Ad-Hoc|iPhone.ActiveCfg = Release|x86
		{CEB8A4B9-508F-402E-ACA7-F1894B5CD2BD}.Ad-Hoc|iPhone.Build.0 = Release|x86
		{CEB8A4B9-508F-402E-ACA7-F1894B5CD2BD}.Ad-Hoc|iPhone.Deploy.0 = Release|x86
		{CEB8A4B9-508F-402E-ACA7-F1894B5CD2BD}.Ad-Hoc|iPhoneSimulator.ActiveCfg = Release|x86
		{CEB8A4B9-508F-402E-ACA7-F1894B5CD2BD}.Ad-Hoc|iPhoneSimulator.Build.0 = Release|x86
		{CEB8A4B9-508F-402E-ACA7-F1894B5CD2BD}.Ad-Hoc|iPhoneSimulator.Deploy.0 = Release|x86
		{CEB8A4B9-508F-402E-ACA7-F1894B5CD2BD}.Ad-Hoc|x64.ActiveCfg = Release|x64
		{CEB8A4B9-508F-402E-ACA7-F1894B5CD2BD}.Ad-Hoc|x64.Build.0 = Release|x64
		{CEB8A4B9-508F-402E-ACA7-F1894B5CD2BD}.Ad-Hoc|x64.Deploy.0 = Release|x64
		{CEB8A4B9-508F-402E-ACA7-F1894B5CD2BD}.Ad-Hoc|x86.ActiveCfg = Release|x86
		{CEB8A4B9-508F-402E-ACA7-F1894B5CD2BD}.Ad-Hoc|x86.Build.0 = Release|x86
		{CEB8A4B9-508F-402E-ACA7-F1894B5CD2BD}.Ad-Hoc|x86.Deploy.0 = Release|x86
		{CEB8A4B9-508F-402E-ACA7-F1894B5CD2BD}.AppStore|Any CPU.ActiveCfg = Release|x86
		{CEB8A4B9-508F-402E-ACA7-F1894B5CD2BD}.AppStore|Any CPU.Build.0 = Release|x86
		{CEB8A4B9-508F-402E-ACA7-F1894B5CD2BD}.AppStore|Any CPU.Deploy.0 = Release|x86
		{CEB8A4B9-508F-402E-ACA7-F1894B5CD2BD}.AppStore|ARM.ActiveCfg = Release|ARM
		{CEB8A4B9-508F-402E-ACA7-F1894B5CD2BD}.AppStore|ARM.Build.0 = Release|ARM
		{CEB8A4B9-508F-402E-ACA7-F1894B5CD2BD}.AppStore|ARM.Deploy.0 = Release|ARM
		{CEB8A4B9-508F-402E-ACA7-F1894B5CD2BD}.AppStore|iPhone.ActiveCfg = Release|x86
		{CEB8A4B9-508F-402E-ACA7-F1894B5CD2BD}.AppStore|iPhone.Build.0 = Release|x86
		{CEB8A4B9-508F-402E-ACA7-F1894B5CD2BD}.AppStore|iPhone.Deploy.0 = Release|x86
		{CEB8A4B9-508F-402E-ACA7-F1894B5CD2BD}.AppStore|iPhoneSimulator.ActiveCfg = Release|x86
		{CEB8A4B9-508F-402E-ACA7-F1894B5CD2BD}.AppStore|iPhoneSimulator.Build.0 = Release|x86
		{CEB8A4B9-508F-402E-ACA7-F1894B5CD2BD}.AppStore|iPhoneSimulator.Deploy.0 = Release|x86
		{CEB8A4B9-508F-402E-ACA7-F1894B5CD2BD}.AppStore|x64.ActiveCfg = Release|x64
		{CEB8A4B9-508F-402E-ACA7-F1894B5CD2BD}.AppStore|x64.Build.0 = Release|x64
		{CEB8A4B9-508F-402E-ACA7-F1894B5CD2BD}.AppStore|x64.Deploy.0 = Release|x64
		{CEB8A4B9-508F-402E-ACA7-F1894B5CD2BD}.AppStore|x86.ActiveCfg = Release|x86
		{CEB8A4B9-508F-402E-ACA7-F1894B5CD2BD}.AppStore|x86.Build.0 = Release|x86
		{CEB8A4B9-508F-402E-ACA7-F1894B5CD2BD}.AppStore|x86.Deploy.0 = Release|x86
		{CEB8A4B9-508F-402E-ACA7-F1894B5CD2BD}.Debug|Any CPU.ActiveCfg = Debug|x86
		{CEB8A4B9-508F-402E-ACA7-F1894B5CD2BD}.Debug|ARM.ActiveCfg = Debug|ARM
		{CEB8A4B9-508F-402E-ACA7-F1894B5CD2BD}.Debug|ARM.Build.0 = Debug|ARM
		{CEB8A4B9-508F-402E-ACA7-F1894B5CD2BD}.Debug|ARM.Deploy.0 = Debug|ARM
		{CEB8A4B9-508F-402E-ACA7-F1894B5CD2BD}.Debug|iPhone.ActiveCfg = Debug|x86
		{CEB8A4B9-508F-402E-ACA7-F1894B5CD2BD}.Debug|iPhoneSimulator.ActiveCfg = Debug|x86
		{CEB8A4B9-508F-402E-ACA7-F1894B5CD2BD}.Debug|x64.ActiveCfg = Debug|x64
		{CEB8A4B9-508F-402E-ACA7-F1894B5CD2BD}.Debug|x64.Build.0 = Debug|x64
		{CEB8A4B9-508F-402E-ACA7-F1894B5CD2BD}.Debug|x64.Deploy.0 = Debug|x64
		{CEB8A4B9-508F-402E-ACA7-F1894B5CD2BD}.Debug|x86.ActiveCfg = Debug|x86
		{CEB8A4B9-508F-402E-ACA7-F1894B5CD2BD}.Debug|x86.Build.0 = Debug|x86
		{CEB8A4B9-508F-402E-ACA7-F1894B5CD2BD}.Debug|x86.Deploy.0 = Debug|x86
		{CEB8A4B9-508F-402E-ACA7-F1894B5CD2BD}.Release|Any CPU.ActiveCfg = Release|x86
		{CEB8A4B9-508F-402E-ACA7-F1894B5CD2BD}.Release|ARM.ActiveCfg = Release|ARM
		{CEB8A4B9-508F-402E-ACA7-F1894B5CD2BD}.Release|ARM.Build.0 = Release|ARM
		{CEB8A4B9-508F-402E-ACA7-F1894B5CD2BD}.Release|ARM.Deploy.0 = Release|ARM
		{CEB8A4B9-508F-402E-ACA7-F1894B5CD2BD}.Release|iPhone.ActiveCfg = Release|x86
		{CEB8A4B9-508F-402E-ACA7-F1894B5CD2BD}.Release|iPhoneSimulator.ActiveCfg = Release|x86
		{CEB8A4B9-508F-402E-ACA7-F1894B5CD2BD}.Release|x64.ActiveCfg = Release|x64
		{CEB8A4B9-508F-402E-ACA7-F1894B5CD2BD}.Release|x64.Build.0 = Release|x64
		{CEB8A4B9-508F-402E-ACA7-F1894B5CD2BD}.Release|x64.Deploy.0 = Release|x64
		{CEB8A4B9-508F-402E-ACA7-F1894B5CD2BD}.Release|x86.ActiveCfg = Release|x86
		{CEB8A4B9-508F-402E-ACA7-F1894B5CD2BD}.Release|x86.Build.0 = Release|x86
		{CEB8A4B9-508F-402E-ACA7-F1894B5CD2BD}.Release|x86.Deploy.0 = Release|x86
	EndGlobalSection
	GlobalSection(SolutionProperties) = preSolution
		HideSolutionNode = FALSE
	EndGlobalSection
	GlobalSection(ExtensibilityGlobals) = postSolution
		SolutionGuid = {AE77EE0C-AAC5-4A67-8A70-6B6A2D7A0AB8}
	EndGlobalSection
EndGlobal
